// !$*UTF8*$!
{
	archiveVersion = 1;
	classes = {
	};
	objectVersion = 77;
	objects = {

/* Begin PBXBuildFile section */
		0D486CDB74342695FFC2DC0F /* LunarDateResolver.swift in Sources */ = {isa = PBXBuildFile; fileRef = 622448B5801D2B556C2B8581 /* LunarDateResolver.swift */; };
		167180520DB89BBA73207EE2 /* AppKit.framework in Frameworks */ = {isa = PBXBuildFile; fileRef = 3F1F4255E9C01615675FAF30 /* AppKit.framework */; };
		18061E6D2C47E724D1C7484D /* CalendarCountdownWidget.swift in Sources */ = {isa = PBXBuildFile; fileRef = BE6D6D4F30560F2D37B83C3D /* CalendarCountdownWidget.swift */; };
		209E23C9E72CA13C9D3FEBF9 /* EventKit.framework in Frameworks */ = {isa = PBXBuildFile; fileRef = F962E882C560CE12182B37E3 /* EventKit.framework */; };
		2154450D5296A969AFD84F16 /* CalendarCountdownCoreTests.swift in Sources */ = {isa = PBXBuildFile; fileRef = 1B9ED4A5ED8CF6612F8B5B40 /* CalendarCountdownCoreTests.swift */; };
		2597DE80B43C2CFD86E8B9F5 /* AppModel.swift in Sources */ = {isa = PBXBuildFile; fileRef = 8EEE845B42F1D86E560D1C09 /* AppModel.swift */; };
		2D6867EF6859A4E8A124CC14 /* WidgetKit.framework in Frameworks */ = {isa = PBXBuildFile; fileRef = 7BD05FE988DA963486060135 /* WidgetKit.framework */; };
		3B82A9B6FD92696816214F4C /* Assets.xcassets in Resources */ = {isa = PBXBuildFile; fileRef = 0C3F4DA09F836B3727643B6F /* Assets.xcassets */; };
		3BFFA78B3D6F7D957CC793FF /* libCalendarCountdownCalendar.a in Frameworks */ = {isa = PBXBuildFile; fileRef = 01240C817008A5CF3E1E2BBD /* libCalendarCountdownCalendar.a */; };
		422A2925787CB710EAF7569A /* DateSupport.swift in Sources */ = {isa = PBXBuildFile; fileRef = 453C7F5E119353B3742D12DA /* DateSupport.swift */; };
		445B06DC7FC3AA12BA483031 /* SwiftUI.framework in Frameworks */ = {isa = PBXBuildFile; fileRef = 72E2718D0B79EFBCB1E614BF /* SwiftUI.framework */; };
		5619AA4F1BA74F0A2D62DD42 /* EventKitRepository.swift in Sources */ = {isa = PBXBuildFile; fileRef = 48A65B465D7CC242E16586C7 /* EventKitRepository.swift */; };
		5E54D68F24404A5F817AB6F7 /* TrackedEvents.swift in Sources */ = {isa = PBXBuildFile; fileRef = 742C4AE139255505851E4CCF /* TrackedEvents.swift */; };
		68398549AD3EDCA7F659487B /* CalendarCountdownApp.swift in Sources */ = {isa = PBXBuildFile; fileRef = D8978D9965FE285A78896EA9 /* CalendarCountdownApp.swift */; };
		6C9BFE30D7F55CCC36863361 /* libCalendarCountdownCore.a in Frameworks */ = {isa = PBXBuildFile; fileRef = 1E8AC3FCC01295977EDB1CC2 /* libCalendarCountdownCore.a */; };
		70371D254506530E3F03F560 /* WidgetKit.framework in Frameworks */ = {isa = PBXBuildFile; fileRef = 7BD05FE988DA963486060135 /* WidgetKit.framework */; };
		710AD34AD15E30721E38F620 /* Persistence.swift in Sources */ = {isa = PBXBuildFile; fileRef = ACCD0715AF49783237256570 /* Persistence.swift */; };
		71BD9E7CF9A5C44E677E25F3 /* InfoPlist.strings in Resources */ = {isa = PBXBuildFile; fileRef = 4C7730FB193A9AB04CED3A0D /* InfoPlist.strings */; };
		78583CD46349A08EB415AFD3 /* libCalendarCountdownCore.a in Frameworks */ = {isa = PBXBuildFile; fileRef = 1E8AC3FCC01295977EDB1CC2 /* libCalendarCountdownCore.a */; };
		78A34B836A5F202979BCA451 /* EventKit.framework in Frameworks */ = {isa = PBXBuildFile; fileRef = F962E882C560CE12182B37E3 /* EventKit.framework */; };
		86FDDF0F199E77B45A707129 /* libCalendarCountdownCore.a in Frameworks */ = {isa = PBXBuildFile; fileRef = 1E8AC3FCC01295977EDB1CC2 /* libCalendarCountdownCore.a */; };
		8EE06AEAC7C11EFB7DD54F25 /* FocusAppearance.swift in Sources */ = {isa = PBXBuildFile; fileRef = A1DD3DCF6D0B33B7C1BA434D /* FocusAppearance.swift */; };
		8F3047F9F8BDFF082AD33699 /* WidgetSnapshot.swift in Sources */ = {isa = PBXBuildFile; fileRef = 241317BB23CE634E81423861 /* WidgetSnapshot.swift */; };
		93AD99C1DEC5BD3E49DF8149 /* AppLocalization.swift in Sources */ = {isa = PBXBuildFile; fileRef = 3261404CA33E927A22BACE6D /* AppLocalization.swift */; };
		94FAF9D870C43DCF16C14855 /* CalCountCLI.swift in Sources */ = {isa = PBXBuildFile; fileRef = 83BDAAB03B2612D98EC39EEE /* CalCountCLI.swift */; };
		9B9961711EE60D16A5727842 /* MenuBarContentView.swift in Sources */ = {isa = PBXBuildFile; fileRef = 056E118F36D92693F8D13E2E /* MenuBarContentView.swift */; };
		9D060BE8DAC1A32343B2B42E /* MainView.swift in Sources */ = {isa = PBXBuildFile; fileRef = FCFB902ACE9E608A590C8CCA /* MainView.swift */; };
		A9C66371124506DE02DE1F2E /* libCalendarCountdownCore.a in Frameworks */ = {isa = PBXBuildFile; fileRef = 1E8AC3FCC01295977EDB1CC2 /* libCalendarCountdownCore.a */; };
		B3F65511E371D76879117737 /* libCalendarCountdownCalendar.a in Frameworks */ = {isa = PBXBuildFile; fileRef = 01240C817008A5CF3E1E2BBD /* libCalendarCountdownCalendar.a */; };
		BB317182A51C1EFFF391E8C4 /* CalendarCountdownWidget.appex in Embed Foundation Extensions */ = {isa = PBXBuildFile; fileRef = 67CDF0687E4148F3520C3E2B /* CalendarCountdownWidget.appex */; settings = {ATTRIBUTES = (RemoveHeadersOnCopy, ); }; };
		BD5A49ED87605283D7D595E7 /* AddEventView.swift in Sources */ = {isa = PBXBuildFile; fileRef = 65A00A2EC823BEC266439258 /* AddEventView.swift */; };
		C07AAA284E31B110E5055364 /* Localizable.strings in Resources */ = {isa = PBXBuildFile; fileRef = AD2B277F119CDCAE06896A48 /* Localizable.strings */; };
		CE9AC2EF628C3295DBABC4E0 /* EventKit.framework in Frameworks */ = {isa = PBXBuildFile; fileRef = F962E882C560CE12182B37E3 /* EventKit.framework */; };
		D820F6736B8767EE964BBB04 /* Localizable.strings in Resources */ = {isa = PBXBuildFile; fileRef = AD2B277F119CDCAE06896A48 /* Localizable.strings */; };
		D8C35AB08476A9A70AE7507F /* ProductConstants.swift in Sources */ = {isa = PBXBuildFile; fileRef = 023A0029FABCE35A937F3BF1 /* ProductConstants.swift */; };
		DD7D32E06C9DF768BBF29F03 /* AppearanceSettings.swift in Sources */ = {isa = PBXBuildFile; fileRef = AAE508BFB13FF36FA3261846 /* AppearanceSettings.swift */; };
		EFF34B38DF4B20B9EF08BD4C /* InfoPlist.strings in Resources */ = {isa = PBXBuildFile; fileRef = 4C7730FB193A9AB04CED3A0D /* InfoPlist.strings */; };
		F14844B86DB636D4B84CBB87 /* Models.swift in Sources */ = {isa = PBXBuildFile; fileRef = 8BE5412E680BD1E9983A7C92 /* Models.swift */; };
		02D27F43673929108B4EA976 /* AppRoute.swift in Sources */ = {isa = PBXBuildFile; fileRef = CF51C8D5C25CBFD59364DCC9 /* AppRoute.swift */; };
		96C720A372FD1516E762BB5F /* CloudRecords.swift in Sources */ = {isa = PBXBuildFile; fileRef = DA79B3622198864AA683DE0C /* CloudRecords.swift */; };
		B2DF77AC166F3B903E8A8CD5 /* CountdownCloudModels.swift in Sources */ = {isa = PBXBuildFile; fileRef = D5539C6165B4A90A11DDAD4D /* CountdownCloudModels.swift */; };
		E40FC53665E6ED666967B582 /* DomainV2.swift in Sources */ = {isa = PBXBuildFile; fileRef = 8245A84A1F1573B3BB4644ED /* DomainV2.swift */; };
		B9510AD9536639662F89A270 /* AppBroker.swift in Sources */ = {isa = PBXBuildFile; fileRef = DF1F0B923E25CDA16CDC0555 /* AppBroker.swift */; };
		28B83301A2AD19600F1A8B56 /* AppDatabase.swift in Sources */ = {isa = PBXBuildFile; fileRef = 6080448D7A0BC994423B6EFD /* AppDatabase.swift */; };
		D77FD3533776DCAC96353564 /* CloudKitSyncEngine.swift in Sources */ = {isa = PBXBuildFile; fileRef = A2EAAC77A407004578858B47 /* CloudKitSyncEngine.swift */; };
		1A13CFBF9F4D1786C226E540 /* CloudProfileSession.swift in Sources */ = {isa = PBXBuildFile; fileRef = 50DFA01CAF63A1B2A558D221 /* CloudProfileSession.swift */; };
		BB388899889A6F212CBDBF49 /* DomainStore.swift in Sources */ = {isa = PBXBuildFile; fileRef = C6D6644840B1B3905AE403EC /* DomainStore.swift */; };
		821BF76D29975010233B3D04 /* AppDatabaseAndServiceTests.swift in Sources */ = {isa = PBXBuildFile; fileRef = 98C41A0B61B38A74F7C37FED /* AppDatabaseAndServiceTests.swift */; };
		B5DBE69B18A0351F58F86A76 /* RootView.swift in Sources */ = {isa = PBXBuildFile; fileRef = ACC618D6F66C3A1431E420FD /* RootView.swift */; };
		E54FFCD81EB81F9AB4369607 /* AppSectionSidebar.swift in Sources */ = {isa = PBXBuildFile; fileRef = 04A03FAB9107F3B25A0ACEF0 /* AppSectionSidebar.swift */; };
		ADF5C612EED9A1CD96F1A8AD /* ColorHex.swift in Sources */ = {isa = PBXBuildFile; fileRef = 56E67EABC74233A2534B93E5 /* ColorHex.swift */; };
		8791367CC5E8CD2BD7E03C0B /* WorkModuleViews.swift in Sources */ = {isa = PBXBuildFile; fileRef = B64FD1881F733A57C2D1AE38 /* WorkModuleViews.swift */; };
		1CD5C1DE161C13C054677A4B /* Workspace.swift in Sources */ = {isa = PBXBuildFile; fileRef = 3B3570B2D2809827D3F30911 /* Workspace.swift */; };
		FCD37E820588A5C04E8E38E3 /* AppLocalization.swift in Sources */ = {isa = PBXBuildFile; fileRef = 3261404CA33E927A22BACE6D /* AppLocalization.swift */; };
		9C96BE8778973960C4F36AAD /* DateSupport.swift in Sources */ = {isa = PBXBuildFile; fileRef = 453C7F5E119353B3742D12DA /* DateSupport.swift */; };
		30AA7C70E947546BEE479706 /* LunarDateResolver.swift in Sources */ = {isa = PBXBuildFile; fileRef = 622448B5801D2B556C2B8581 /* LunarDateResolver.swift */; };
		9D6CEFE6A254F2A122F281AA /* Models.swift in Sources */ = {isa = PBXBuildFile; fileRef = 8BE5412E680BD1E9983A7C92 /* Models.swift */; };
		C3E98AD8AC900998B6DB6C17 /* Persistence.swift in Sources */ = {isa = PBXBuildFile; fileRef = ACCD0715AF49783237256570 /* Persistence.swift */; };
		4E4C3B0547AFA0B27DA3BD9E /* ProductConstants.swift in Sources */ = {isa = PBXBuildFile; fileRef = 023A0029FABCE35A937F3BF1 /* ProductConstants.swift */; };
		E2FDF41B81FC6DB2916B03D4 /* TrackedEvents.swift in Sources */ = {isa = PBXBuildFile; fileRef = 742C4AE139255505851E4CCF /* TrackedEvents.swift */; };
		35A63B47FC69624EE752B4A6 /* WidgetSnapshot.swift in Sources */ = {isa = PBXBuildFile; fileRef = 241317BB23CE634E81423861 /* WidgetSnapshot.swift */; };
		F70CEFC074FF6E101421B2D3 /* AppRoute.swift in Sources */ = {isa = PBXBuildFile; fileRef = CF51C8D5C25CBFD59364DCC9 /* AppRoute.swift */; };
		7EA12E45E247D2E81A6D3CEE /* CloudRecords.swift in Sources */ = {isa = PBXBuildFile; fileRef = DA79B3622198864AA683DE0C /* CloudRecords.swift */; };
		FE0C4132C285B4E03E9EB320 /* CountdownCloudModels.swift in Sources */ = {isa = PBXBuildFile; fileRef = D5539C6165B4A90A11DDAD4D /* CountdownCloudModels.swift */; };
		FE777D425E90D438F51D004E /* DomainV2.swift in Sources */ = {isa = PBXBuildFile; fileRef = 8245A84A1F1573B3BB4644ED /* DomainV2.swift */; };
		158B9B2CA7865E469E6D1B88 /* EventKitRepository.swift in Sources */ = {isa = PBXBuildFile; fileRef = 48A65B465D7CC242E16586C7 /* EventKitRepository.swift */; };
		6750B7B213E1294285E4F5BB /* AppBroker.swift in Sources */ = {isa = PBXBuildFile; fileRef = DF1F0B923E25CDA16CDC0555 /* AppBroker.swift */; };
		E4746C167ECD7A168D5CB87F /* AppDatabase.swift in Sources */ = {isa = PBXBuildFile; fileRef = 6080448D7A0BC994423B6EFD /* AppDatabase.swift */; };
		8B664CEEAD6DCD61A673FE89 /* CloudKitSyncEngine.swift in Sources */ = {isa = PBXBuildFile; fileRef = A2EAAC77A407004578858B47 /* CloudKitSyncEngine.swift */; };
		951F5166A8449B0715C59EB6 /* CloudProfileSession.swift in Sources */ = {isa = PBXBuildFile; fileRef = 50DFA01CAF63A1B2A558D221 /* CloudProfileSession.swift */; };
		EF47F2D84A6FAB22A0689D35 /* DomainStore.swift in Sources */ = {isa = PBXBuildFile; fileRef = C6D6644840B1B3905AE403EC /* DomainStore.swift */; };
		B3026637380CA904EFC67072 /* AppSectionSidebar.swift in Sources */ = {isa = PBXBuildFile; fileRef = 04A03FAB9107F3B25A0ACEF0 /* AppSectionSidebar.swift */; };
		9CD5C94F12DB0CFD587FD56B /* ColorHex.swift in Sources */ = {isa = PBXBuildFile; fileRef = 56E67EABC74233A2534B93E5 /* ColorHex.swift */; };
		5A30EB9A3D60C68DC90DD8FB /* WorkModuleViews.swift in Sources */ = {isa = PBXBuildFile; fileRef = B64FD1881F733A57C2D1AE38 /* WorkModuleViews.swift */; };
		15082BDFA463607A39C888C5 /* Workspace.swift in Sources */ = {isa = PBXBuildFile; fileRef = 3B3570B2D2809827D3F30911 /* Workspace.swift */; };
		B52CD46B0FC12D7B2AE4CBEF /* AddEventView.swift in Sources */ = {isa = PBXBuildFile; fileRef = 65A00A2EC823BEC266439258 /* AddEventView.swift */; };
		5591366EE3C0523B55948EC4 /* AppModel.swift in Sources */ = {isa = PBXBuildFile; fileRef = 8EEE845B42F1D86E560D1C09 /* AppModel.swift */; };
		2B7D7B3A946A2B65890BC93E /* FocusAppearance.swift in Sources */ = {isa = PBXBuildFile; fileRef = A1DD3DCF6D0B33B7C1BA434D /* FocusAppearance.swift */; };
		88B763208E41D9571AC1146B /* MainView.swift in Sources */ = {isa = PBXBuildFile; fileRef = FCFB902ACE9E608A590C8CCA /* MainView.swift */; };
		4DEE94008A03DA70961E7F57 /* CalendarCountdowniOSApp.swift in Sources */ = {isa = PBXBuildFile; fileRef = F915B09C7BC432C35D1BD35D /* CalendarCountdowniOSApp.swift */; };
		50DF5EB5EDA9821F2EC02E79 /* MobileRootView.swift in Sources */ = {isa = PBXBuildFile; fileRef = E6BF1458A6C84728FBC640A1 /* MobileRootView.swift */; };
		50E3C327ADE134FF4CCF30C4 /* AppLocalization.swift in Sources */ = {isa = PBXBuildFile; fileRef = 3261404CA33E927A22BACE6D /* AppLocalization.swift */; };
		F22EE1825906FF9041601761 /* DateSupport.swift in Sources */ = {isa = PBXBuildFile; fileRef = 453C7F5E119353B3742D12DA /* DateSupport.swift */; };
		6E7B762F9793D2ECFB36E089 /* LunarDateResolver.swift in Sources */ = {isa = PBXBuildFile; fileRef = 622448B5801D2B556C2B8581 /* LunarDateResolver.swift */; };
		DC5C87DE91520E868E98FE10 /* Models.swift in Sources */ = {isa = PBXBuildFile; fileRef = 8BE5412E680BD1E9983A7C92 /* Models.swift */; };
		F1E7AABB164BD1D04989BB87 /* Persistence.swift in Sources */ = {isa = PBXBuildFile; fileRef = ACCD0715AF49783237256570 /* Persistence.swift */; };
		A93C4321BBED8F6B0C06D52C /* ProductConstants.swift in Sources */ = {isa = PBXBuildFile; fileRef = 023A0029FABCE35A937F3BF1 /* ProductConstants.swift */; };
		6609A1CD66FC88CA2519FF8D /* TrackedEvents.swift in Sources */ = {isa = PBXBuildFile; fileRef = 742C4AE139255505851E4CCF /* TrackedEvents.swift */; };
		F0B34717D84297D27307FF81 /* WidgetSnapshot.swift in Sources */ = {isa = PBXBuildFile; fileRef = 241317BB23CE634E81423861 /* WidgetSnapshot.swift */; };
		E13D444562DA4B9C19483850 /* AppRoute.swift in Sources */ = {isa = PBXBuildFile; fileRef = CF51C8D5C25CBFD59364DCC9 /* AppRoute.swift */; };
		CA17E31F3559DDA89537BFE7 /* CloudRecords.swift in Sources */ = {isa = PBXBuildFile; fileRef = DA79B3622198864AA683DE0C /* CloudRecords.swift */; };
		F79398639F8785D41062B3CE /* CountdownCloudModels.swift in Sources */ = {isa = PBXBuildFile; fileRef = D5539C6165B4A90A11DDAD4D /* CountdownCloudModels.swift */; };
		4592F868A6A81E6611FB88A2 /* DomainV2.swift in Sources */ = {isa = PBXBuildFile; fileRef = 8245A84A1F1573B3BB4644ED /* DomainV2.swift */; };
		F20439A1EC80CC7CB4B38E08 /* CalendarCountdowniOSWidget.swift in Sources */ = {isa = PBXBuildFile; fileRef = 28F55D33DCB1BBE0394D7659 /* CalendarCountdowniOSWidget.swift */; };
		D1984BAF04AC04ECFF36B107 /* CalendarCountdowniOSTests.swift in Sources */ = {isa = PBXBuildFile; fileRef = FC97A79D5C093DA58AE32579 /* CalendarCountdowniOSTests.swift */; };
		A47067689173FB9BF0BF2169 /* CalendarCountdowniOSUITests.swift in Sources */ = {isa = PBXBuildFile; fileRef = 6CBA34AF0590F0E0A231CE3A /* CalendarCountdowniOSUITests.swift */; };
		751E97F2D045AE209F4B3FBC /* Assets.xcassets in Resources */ = {isa = PBXBuildFile; fileRef = 0C3F4DA09F836B3727643B6F /* Assets.xcassets */; };
		25A6A6CA731DEF9938C9FC29 /* InfoPlist.strings in Resources */ = {isa = PBXBuildFile; fileRef = 4C7730FB193A9AB04CED3A0D /* InfoPlist.strings */; };
		046AC5E06E01484DCE35F3E2 /* Localizable.strings in Resources */ = {isa = PBXBuildFile; fileRef = AD2B277F119CDCAE06896A48 /* Localizable.strings */; };
		836DFCB03BC9FB6A1B8D553D /* InfoPlist.strings in Resources */ = {isa = PBXBuildFile; fileRef = 4C7730FB193A9AB04CED3A0D /* InfoPlist.strings */; };
		858BC1EDCBB5D458A6EAEC1E /* Localizable.strings in Resources */ = {isa = PBXBuildFile; fileRef = AD2B277F119CDCAE06896A48 /* Localizable.strings */; };
		2C96F55A198D5B470B121CC8 /* libCalendarCountdownCore.a in Frameworks */ = {isa = PBXBuildFile; fileRef = 1E8AC3FCC01295977EDB1CC2 /* libCalendarCountdownCore.a */; };
		97852AD70074459FA2B8AB2C /* CloudKit.framework in Frameworks */ = {isa = PBXBuildFile; fileRef = 02A08DFF627875BD553C0324 /* CloudKit.framework */; };
		889424A05A886A31F57BCE81 /* libsqlite3.tbd in Frameworks */ = {isa = PBXBuildFile; fileRef = 9BA2D63611BFF0B4A840F32C /* libsqlite3.tbd */; };
		C380647374C3FCF200F5D7EF /* libCalendarCountdownPersistence.a in Frameworks */ = {isa = PBXBuildFile; fileRef = F949CD80061A12791DDBF3AF /* libCalendarCountdownPersistence.a */; };
		A661253ADF78A8B90A0C92FC /* libCalendarCountdownCore.a in Frameworks */ = {isa = PBXBuildFile; fileRef = 1E8AC3FCC01295977EDB1CC2 /* libCalendarCountdownCore.a */; };
		4DE07AAB1E3F9F4C3A8F6E36 /* libCalendarCountdownPersistence.a in Frameworks */ = {isa = PBXBuildFile; fileRef = F949CD80061A12791DDBF3AF /* libCalendarCountdownPersistence.a */; };
		BF36D7A3D6386EAB0C8F0864 /* CloudKit.framework in Frameworks */ = {isa = PBXBuildFile; fileRef = 02A08DFF627875BD553C0324 /* CloudKit.framework */; };
		005732290F6D547B4D26A0B5 /* EventKit.framework in Frameworks */ = {isa = PBXBuildFile; fileRef = F962E882C560CE12182B37E3 /* EventKit.framework */; };
		EC247DCD03BD7C43CD981CB8 /* WidgetKit.framework in Frameworks */ = {isa = PBXBuildFile; fileRef = 7BD05FE988DA963486060135 /* WidgetKit.framework */; };
		5D7E86B38A5F8BA401C197D8 /* CloudKit.framework in Frameworks */ = {isa = PBXBuildFile; fileRef = 02A08DFF627875BD553C0324 /* CloudKit.framework */; };
		7D622FE5ADA3743707F68339 /* libsqlite3.tbd in Frameworks */ = {isa = PBXBuildFile; fileRef = 9BA2D63611BFF0B4A840F32C /* libsqlite3.tbd */; };
		E1F31C95A518DCB4B0A9FB8B /* SwiftUI.framework in Frameworks */ = {isa = PBXBuildFile; fileRef = 72E2718D0B79EFBCB1E614BF /* SwiftUI.framework */; };
		FC7AD81A841CDF926AF79EEA /* WidgetKit.framework in Frameworks */ = {isa = PBXBuildFile; fileRef = 7BD05FE988DA963486060135 /* WidgetKit.framework */; };
		87CF877430FAF693D81B1A1E /* SwiftUI.framework in Frameworks */ = {isa = PBXBuildFile; fileRef = 72E2718D0B79EFBCB1E614BF /* SwiftUI.framework */; };
		1FD1D96D09A8697980F81C27 /* CalendarCountdowniOSWidget.appex in Embed Foundation Extensions */ = {isa = PBXBuildFile; fileRef = 83F38C9764E66D4C7C263C25 /* CalendarCountdowniOSWidget.appex */; settings = {ATTRIBUTES = (RemoveHeadersOnCopy, ); }; };
/* End PBXBuildFile section */

/* Begin PBXContainerItemProxy section */
		080293F7B02BF63F4F70942D /* PBXContainerItemProxy */ = {
			isa = PBXContainerItemProxy;
			containerPortal = 6EC488ABDD974036BC95F55D /* Project object */;
			proxyType = 1;
			remoteGlobalIDString = A010F775DC7149AFD453D6CB;
			remoteInfo = CalendarCountdownCore;
		};
		1519DAC2FFC4ED8FA1E7926F /* PBXContainerItemProxy */ = {
			isa = PBXContainerItemProxy;
			containerPortal = 6EC488ABDD974036BC95F55D /* Project object */;
			proxyType = 1;
			remoteGlobalIDString = A010F775DC7149AFD453D6CB;
			remoteInfo = CalendarCountdownCore;
		};
		6EF737D662462324DB677683 /* PBXContainerItemProxy */ = {
			isa = PBXContainerItemProxy;
			containerPortal = 6EC488ABDD974036BC95F55D /* Project object */;
			proxyType = 1;
			remoteGlobalIDString = A79E397483A4F4439DF21CC9;
			remoteInfo = CalendarCountdownCalendar;
		};
		989BC5D0B7A2FE723EE8CFCF /* PBXContainerItemProxy */ = {
			isa = PBXContainerItemProxy;
			containerPortal = 6EC488ABDD974036BC95F55D /* Project object */;
			proxyType = 1;
			remoteGlobalIDString = A010F775DC7149AFD453D6CB;
			remoteInfo = CalendarCountdownCore;
		};
		9B19503DEF958C8E94E76FFD /* PBXContainerItemProxy */ = {
			isa = PBXContainerItemProxy;
			containerPortal = 6EC488ABDD974036BC95F55D /* Project object */;
			proxyType = 1;
			remoteGlobalIDString = A010F775DC7149AFD453D6CB;
			remoteInfo = CalendarCountdownCore;
		};
		A384E6D10988D7370AEFC1C7 /* PBXContainerItemProxy */ = {
			isa = PBXContainerItemProxy;
			containerPortal = 6EC488ABDD974036BC95F55D /* Project object */;
			proxyType = 1;
			remoteGlobalIDString = A010F775DC7149AFD453D6CB;
			remoteInfo = CalendarCountdownCore;
		};
		D24D07E2E91BB3039B640B07 /* PBXContainerItemProxy */ = {
			isa = PBXContainerItemProxy;
			containerPortal = 6EC488ABDD974036BC95F55D /* Project object */;
			proxyType = 1;
			remoteGlobalIDString = C56639B158E4FB09403C053C;
			remoteInfo = CalendarCountdownWidget;
		};
		FB0F6603B88AB7BA96E35C5D /* PBXContainerItemProxy */ = {
			isa = PBXContainerItemProxy;
			containerPortal = 6EC488ABDD974036BC95F55D /* Project object */;
			proxyType = 1;
			remoteGlobalIDString = A79E397483A4F4439DF21CC9;
			remoteInfo = CalendarCountdownCalendar;
		};
		6540F4EC3990E48FB2AD2FBF /* PBXContainerItemProxy */ = {
			isa = PBXContainerItemProxy;
			containerPortal = 6EC488ABDD974036BC95F55D /* Project object */;
			proxyType = 1;
			remoteGlobalIDString = A010F775DC7149AFD453D6CB;
			remoteInfo = CalendarCountdownCore;
		};
		051FF1E7CD1AD1F3531BFFAB /* PBXContainerItemProxy */ = {
			isa = PBXContainerItemProxy;
			containerPortal = 6EC488ABDD974036BC95F55D /* Project object */;
			proxyType = 1;
			remoteGlobalIDString = 9796BF57C94ABABC8B16EC93;
			remoteInfo = CalendarCountdownPersistence;
		};
		9FA184163996FA89E9DE577B /* PBXContainerItemProxy */ = {
			isa = PBXContainerItemProxy;
			containerPortal = 6EC488ABDD974036BC95F55D /* Project object */;
			proxyType = 1;
			remoteGlobalIDString = 593586AA9361AA5CD49D6E0F;
			remoteInfo = CalendarCountdowniOSWidget;
		};
		3488ADD451A870260A2C16D8 /* PBXContainerItemProxy */ = {
			isa = PBXContainerItemProxy;
			containerPortal = 6EC488ABDD974036BC95F55D /* Project object */;
			proxyType = 1;
			remoteGlobalIDString = AE04999AB082B10B4DCE3EA6;
			remoteInfo = CalendarCountdowniOS;
		};
		63F1938146113DB5BA8CE8EC /* PBXContainerItemProxy */ = {
			isa = PBXContainerItemProxy;
			containerPortal = 6EC488ABDD974036BC95F55D /* Project object */;
			proxyType = 1;
			remoteGlobalIDString = AE04999AB082B10B4DCE3EA6;
			remoteInfo = CalendarCountdowniOS;
		};
		3961DFC7BF003DF9E447AAB6 /* PBXContainerItemProxy */ = {
			isa = PBXContainerItemProxy;
			containerPortal = 6EC488ABDD974036BC95F55D /* Project object */;
			proxyType = 1;
			remoteGlobalIDString = 9796BF57C94ABABC8B16EC93;
			remoteInfo = CalendarCountdownPersistence;
		};
/* End PBXContainerItemProxy section */

/* Begin PBXCopyFilesBuildPhase section */
		9486B9097D034E229FE921D9 /* Embed Foundation Extensions */ = {
			isa = PBXCopyFilesBuildPhase;
			buildActionMask = 2147483647;
			dstPath = "";
			dstSubfolderSpec = 13;
			files = (
				BB317182A51C1EFFF391E8C4 /* CalendarCountdownWidget.appex in Embed Foundation Extensions */,
			);
			name = "Embed Foundation Extensions";
			runOnlyForDeploymentPostprocessing = 0;
		};
		54A5A99135538968E1BA4835 /* Embed Foundation Extensions */ = {
			isa = PBXCopyFilesBuildPhase;
			buildActionMask = 2147483647;
			dstPath = "";
			dstSubfolderSpec = 13;
			files = (
				1FD1D96D09A8697980F81C27 /* CalendarCountdowniOSWidget.appex in Embed Foundation Extensions */,
			);
			name = "Embed Foundation Extensions";
			runOnlyForDeploymentPostprocessing = 0;
		};
/* End PBXCopyFilesBuildPhase section */

/* Begin PBXFileReference section */
		01240C817008A5CF3E1E2BBD /* libCalendarCountdownCalendar.a */ = {isa = PBXFileReference; explicitFileType = archive.ar; includeInIndex = 0; path = libCalendarCountdownCalendar.a; sourceTree = BUILT_PRODUCTS_DIR; };
		023A0029FABCE35A937F3BF1 /* ProductConstants.swift */ = {isa = PBXFileReference; lastKnownFileType = sourcecode.swift; path = ProductConstants.swift; sourceTree = "<group>"; };
		03A2BB18C1099A9C35520E72 /* en */ = {isa = PBXFileReference; lastKnownFileType = text.plist.strings; name = en; path = en.lproj/InfoPlist.strings; sourceTree = "<group>"; };
		03EE2CE943906F7FAF742B10 /* es */ = {isa = PBXFileReference; lastKnownFileType = text.plist.strings; name = es; path = es.lproj/Localizable.strings; sourceTree = "<group>"; };
		056E118F36D92693F8D13E2E /* MenuBarContentView.swift */ = {isa = PBXFileReference; lastKnownFileType = sourcecode.swift; path = MenuBarContentView.swift; sourceTree = "<group>"; };
		0C3F4DA09F836B3727643B6F /* Assets.xcassets */ = {isa = PBXFileReference; lastKnownFileType = folder.assetcatalog; path = Assets.xcassets; sourceTree = "<group>"; };
		1B9ED4A5ED8CF6612F8B5B40 /* CalendarCountdownCoreTests.swift */ = {isa = PBXFileReference; lastKnownFileType = sourcecode.swift; path = CalendarCountdownCoreTests.swift; sourceTree = "<group>"; };
		1E8AC3FCC01295977EDB1CC2 /* libCalendarCountdownCore.a */ = {isa = PBXFileReference; explicitFileType = archive.ar; includeInIndex = 0; path = libCalendarCountdownCore.a; sourceTree = BUILT_PRODUCTS_DIR; };
		241317BB23CE634E81423861 /* WidgetSnapshot.swift */ = {isa = PBXFileReference; lastKnownFileType = sourcecode.swift; path = WidgetSnapshot.swift; sourceTree = "<group>"; };
		29473E91E876101F89D1D9E6 /* ru */ = {isa = PBXFileReference; lastKnownFileType = text.plist.strings; name = ru; path = ru.lproj/InfoPlist.strings; sourceTree = "<group>"; };
		3261404CA33E927A22BACE6D /* AppLocalization.swift */ = {isa = PBXFileReference; lastKnownFileType = sourcecode.swift; path = AppLocalization.swift; sourceTree = "<group>"; };
		3F1F4255E9C01615675FAF30 /* AppKit.framework */ = {isa = PBXFileReference; lastKnownFileType = wrapper.framework; name = AppKit.framework; path = System/Library/Frameworks/AppKit.framework; sourceTree = SDKROOT; };
		453C7F5E119353B3742D12DA /* DateSupport.swift */ = {isa = PBXFileReference; lastKnownFileType = sourcecode.swift; path = DateSupport.swift; sourceTree = "<group>"; };
		48A65B465D7CC242E16586C7 /* EventKitRepository.swift */ = {isa = PBXFileReference; lastKnownFileType = sourcecode.swift; path = EventKitRepository.swift; sourceTree = "<group>"; };
		5FF27CFF5C668AB0527D8B2D /* CalendarCountdown.app */ = {isa = PBXFileReference; explicitFileType = wrapper.application; includeInIndex = 0; path = CalendarCountdown.app; sourceTree = BUILT_PRODUCTS_DIR; };
		60B7B487607D0E3996D771DE /* es */ = {isa = PBXFileReference; lastKnownFileType = text.plist.strings; name = es; path = es.lproj/InfoPlist.strings; sourceTree = "<group>"; };
		622448B5801D2B556C2B8581 /* LunarDateResolver.swift */ = {isa = PBXFileReference; lastKnownFileType = sourcecode.swift; path = LunarDateResolver.swift; sourceTree = "<group>"; };
		65A00A2EC823BEC266439258 /* AddEventView.swift */ = {isa = PBXFileReference; lastKnownFileType = sourcecode.swift; path = AddEventView.swift; sourceTree = "<group>"; };
		672D0198C6AF457258E6910C /* CalendarCountdownCoreTests.xctest */ = {isa = PBXFileReference; explicitFileType = wrapper.cfbundle; includeInIndex = 0; path = CalendarCountdownCoreTests.xctest; sourceTree = BUILT_PRODUCTS_DIR; };
		67CDF0687E4148F3520C3E2B /* CalendarCountdownWidget.appex */ = {isa = PBXFileReference; explicitFileType = "wrapper.app-extension"; includeInIndex = 0; path = CalendarCountdownWidget.appex; sourceTree = BUILT_PRODUCTS_DIR; };
		6BEDD997023ABA523C99D095 /* calcount */ = {isa = PBXFileReference; includeInIndex = 0; path = calcount; sourceTree = BUILT_PRODUCTS_DIR; };
		72E2718D0B79EFBCB1E614BF /* SwiftUI.framework */ = {isa = PBXFileReference; lastKnownFileType = wrapper.framework; name = SwiftUI.framework; path = System/Library/Frameworks/SwiftUI.framework; sourceTree = SDKROOT; };
		742C4AE139255505851E4CCF /* TrackedEvents.swift */ = {isa = PBXFileReference; lastKnownFileType = sourcecode.swift; path = TrackedEvents.swift; sourceTree = "<group>"; };
		746625886D5A61E1F5D9ED19 /* ko */ = {isa = PBXFileReference; lastKnownFileType = text.plist.strings; name = ko; path = ko.lproj/InfoPlist.strings; sourceTree = "<group>"; };
		79BD277BC526FCD3170F925B /* zh-Hans */ = {isa = PBXFileReference; lastKnownFileType = text.plist.strings; name = "zh-Hans"; path = "zh-Hans.lproj/InfoPlist.strings"; sourceTree = "<group>"; };
		7BD05FE988DA963486060135 /* WidgetKit.framework */ = {isa = PBXFileReference; lastKnownFileType = wrapper.framework; name = WidgetKit.framework; path = System/Library/Frameworks/WidgetKit.framework; sourceTree = SDKROOT; };
		838E45BBAAFD99B3BA3D87EF /* en */ = {isa = PBXFileReference; lastKnownFileType = text.plist.strings; name = en; path = en.lproj/Localizable.strings; sourceTree = "<group>"; };
		83BDAAB03B2612D98EC39EEE /* CalCountCLI.swift */ = {isa = PBXFileReference; lastKnownFileType = sourcecode.swift; path = CalCountCLI.swift; sourceTree = "<group>"; };
		8BE5412E680BD1E9983A7C92 /* Models.swift */ = {isa = PBXFileReference; lastKnownFileType = sourcecode.swift; path = Models.swift; sourceTree = "<group>"; };
		8EEE845B42F1D86E560D1C09 /* AppModel.swift */ = {isa = PBXFileReference; lastKnownFileType = sourcecode.swift; path = AppModel.swift; sourceTree = "<group>"; };
		918C9B454898EDC9D7657C73 /* ja */ = {isa = PBXFileReference; lastKnownFileType = text.plist.strings; name = ja; path = ja.lproj/Localizable.strings; sourceTree = "<group>"; };
		A1DD3DCF6D0B33B7C1BA434D /* FocusAppearance.swift */ = {isa = PBXFileReference; lastKnownFileType = sourcecode.swift; path = FocusAppearance.swift; sourceTree = "<group>"; };
		AAE508BFB13FF36FA3261846 /* AppearanceSettings.swift */ = {isa = PBXFileReference; lastKnownFileType = sourcecode.swift; path = AppearanceSettings.swift; sourceTree = "<group>"; };
		ACCD0715AF49783237256570 /* Persistence.swift */ = {isa = PBXFileReference; lastKnownFileType = sourcecode.swift; path = Persistence.swift; sourceTree = "<group>"; };
		BA99A6374B377C630F7C846B /* ja */ = {isa = PBXFileReference; lastKnownFileType = text.plist.strings; name = ja; path = ja.lproj/InfoPlist.strings; sourceTree = "<group>"; };
		BD4CE6822FDA07E3C00A9348 /* ko */ = {isa = PBXFileReference; lastKnownFileType = text.plist.strings; name = ko; path = ko.lproj/Localizable.strings; sourceTree = "<group>"; };
		BE6D6D4F30560F2D37B83C3D /* CalendarCountdownWidget.swift */ = {isa = PBXFileReference; lastKnownFileType = sourcecode.swift; path = CalendarCountdownWidget.swift; sourceTree = "<group>"; };
		D8978D9965FE285A78896EA9 /* CalendarCountdownApp.swift */ = {isa = PBXFileReference; lastKnownFileType = sourcecode.swift; path = CalendarCountdownApp.swift; sourceTree = "<group>"; };
		F03F2D051D91FCE8E433ABDA /* ru */ = {isa = PBXFileReference; lastKnownFileType = text.plist.strings; name = ru; path = ru.lproj/Localizable.strings; sourceTree = "<group>"; };
		F962E882C560CE12182B37E3 /* EventKit.framework */ = {isa = PBXFileReference; lastKnownFileType = wrapper.framework; name = EventKit.framework; path = System/Library/Frameworks/EventKit.framework; sourceTree = SDKROOT; };
		FB34B671921FE15BFBC5372F /* zh-Hans */ = {isa = PBXFileReference; lastKnownFileType = text.plist.strings; name = "zh-Hans"; path = "zh-Hans.lproj/Localizable.strings"; sourceTree = "<group>"; };
		FCFB902ACE9E608A590C8CCA /* MainView.swift */ = {isa = PBXFileReference; lastKnownFileType = sourcecode.swift; path = MainView.swift; sourceTree = "<group>"; };
		CF51C8D5C25CBFD59364DCC9 /* AppRoute.swift */ = {isa = PBXFileReference; lastKnownFileType = sourcecode.swift; path = AppRoute.swift; sourceTree = "<group>"; };
		DA79B3622198864AA683DE0C /* CloudRecords.swift */ = {isa = PBXFileReference; lastKnownFileType = sourcecode.swift; path = CloudRecords.swift; sourceTree = "<group>"; };
		D5539C6165B4A90A11DDAD4D /* CountdownCloudModels.swift */ = {isa = PBXFileReference; lastKnownFileType = sourcecode.swift; path = CountdownCloudModels.swift; sourceTree = "<group>"; };
		8245A84A1F1573B3BB4644ED /* DomainV2.swift */ = {isa = PBXFileReference; lastKnownFileType = sourcecode.swift; path = DomainV2.swift; sourceTree = "<group>"; };
		DF1F0B923E25CDA16CDC0555 /* AppBroker.swift */ = {isa = PBXFileReference; lastKnownFileType = sourcecode.swift; path = AppBroker.swift; sourceTree = "<group>"; };
		6080448D7A0BC994423B6EFD /* AppDatabase.swift */ = {isa = PBXFileReference; lastKnownFileType = sourcecode.swift; path = AppDatabase.swift; sourceTree = "<group>"; };
		A2EAAC77A407004578858B47 /* CloudKitSyncEngine.swift */ = {isa = PBXFileReference; lastKnownFileType = sourcecode.swift; path = CloudKitSyncEngine.swift; sourceTree = "<group>"; };
		50DFA01CAF63A1B2A558D221 /* CloudProfileSession.swift */ = {isa = PBXFileReference; lastKnownFileType = sourcecode.swift; path = CloudProfileSession.swift; sourceTree = "<group>"; };
		C6D6644840B1B3905AE403EC /* DomainStore.swift */ = {isa = PBXFileReference; lastKnownFileType = sourcecode.swift; path = DomainStore.swift; sourceTree = "<group>"; };
		04A03FAB9107F3B25A0ACEF0 /* AppSectionSidebar.swift */ = {isa = PBXFileReference; lastKnownFileType = sourcecode.swift; path = AppSectionSidebar.swift; sourceTree = "<group>"; };
		56E67EABC74233A2534B93E5 /* ColorHex.swift */ = {isa = PBXFileReference; lastKnownFileType = sourcecode.swift; path = ColorHex.swift; sourceTree = "<group>"; };
		B64FD1881F733A57C2D1AE38 /* WorkModuleViews.swift */ = {isa = PBXFileReference; lastKnownFileType = sourcecode.swift; path = WorkModuleViews.swift; sourceTree = "<group>"; };
		3B3570B2D2809827D3F30911 /* Workspace.swift */ = {isa = PBXFileReference; lastKnownFileType = sourcecode.swift; path = Workspace.swift; sourceTree = "<group>"; };
		ACC618D6F66C3A1431E420FD /* RootView.swift */ = {isa = PBXFileReference; lastKnownFileType = sourcecode.swift; path = RootView.swift; sourceTree = "<group>"; };
		F915B09C7BC432C35D1BD35D /* CalendarCountdowniOSApp.swift */ = {isa = PBXFileReference; lastKnownFileType = sourcecode.swift; path = CalendarCountdowniOSApp.swift; sourceTree = "<group>"; };
		E6BF1458A6C84728FBC640A1 /* MobileRootView.swift */ = {isa = PBXFileReference; lastKnownFileType = sourcecode.swift; path = MobileRootView.swift; sourceTree = "<group>"; };
		28F55D33DCB1BBE0394D7659 /* CalendarCountdowniOSWidget.swift */ = {isa = PBXFileReference; lastKnownFileType = sourcecode.swift; path = CalendarCountdowniOSWidget.swift; sourceTree = "<group>"; };
		98C41A0B61B38A74F7C37FED /* AppDatabaseAndServiceTests.swift */ = {isa = PBXFileReference; lastKnownFileType = sourcecode.swift; path = AppDatabaseAndServiceTests.swift; sourceTree = "<group>"; };
		FC97A79D5C093DA58AE32579 /* CalendarCountdowniOSTests.swift */ = {isa = PBXFileReference; lastKnownFileType = sourcecode.swift; path = CalendarCountdowniOSTests.swift; sourceTree = "<group>"; };
		6CBA34AF0590F0E0A231CE3A /* CalendarCountdowniOSUITests.swift */ = {isa = PBXFileReference; lastKnownFileType = sourcecode.swift; path = CalendarCountdowniOSUITests.swift; sourceTree = "<group>"; };
		F949CD80061A12791DDBF3AF /* libCalendarCountdownPersistence.a */ = {isa = PBXFileReference; explicitFileType = archive.ar; includeInIndex = 0; path = libCalendarCountdownPersistence.a; sourceTree = BUILT_PRODUCTS_DIR; };
		9263AAE557B5CCAAF1F8F673 /* CalendarCountdownPersistenceTests.xctest */ = {isa = PBXFileReference; explicitFileType = wrapper.cfbundle; includeInIndex = 0; path = CalendarCountdownPersistenceTests.xctest; sourceTree = BUILT_PRODUCTS_DIR; };
		E67945EE68634073EF67CDFF /* CalendarCountdown.app */ = {isa = PBXFileReference; explicitFileType = wrapper.application; includeInIndex = 0; path = CalendarCountdown.app; sourceTree = BUILT_PRODUCTS_DIR; };
		83F38C9764E66D4C7C263C25 /* CalendarCountdowniOSWidget.appex */ = {isa = PBXFileReference; explicitFileType = "wrapper.app-extension"; includeInIndex = 0; path = CalendarCountdowniOSWidget.appex; sourceTree = BUILT_PRODUCTS_DIR; };
		112902444B3C9FECC4623CE1 /* CalendarCountdowniOSTests.xctest */ = {isa = PBXFileReference; explicitFileType = wrapper.cfbundle; includeInIndex = 0; path = CalendarCountdowniOSTests.xctest; sourceTree = BUILT_PRODUCTS_DIR; };
		0A8306AC336D74AFC0892206 /* CalendarCountdowniOSUITests.xctest */ = {isa = PBXFileReference; explicitFileType = wrapper.cfbundle; includeInIndex = 0; path = CalendarCountdowniOSUITests.xctest; sourceTree = BUILT_PRODUCTS_DIR; };
		02A08DFF627875BD553C0324 /* CloudKit.framework */ = {isa = PBXFileReference; lastKnownFileType = wrapper.framework; name = CloudKit.framework; path = System/Library/Frameworks/CloudKit.framework; sourceTree = SDKROOT; };
		9BA2D63611BFF0B4A840F32C /* libsqlite3.tbd */ = {isa = PBXFileReference; lastKnownFileType = "sourcecode.text-based-dylib-definition"; name = libsqlite3.tbd; path = usr/lib/libsqlite3.tbd; sourceTree = SDKROOT; };
/* End PBXFileReference section */

/* Begin PBXFrameworksBuildPhase section */
		A486412FCA6F1B031918366C /* Frameworks */ = {
			isa = PBXFrameworksBuildPhase;
			buildActionMask = 2147483647;
			files = (
				6C9BFE30D7F55CCC36863361 /* libCalendarCountdownCore.a in Frameworks */,
			);
			runOnlyForDeploymentPostprocessing = 0;
		};
		AC71B3599CC6B5C121058922 /* Frameworks */ = {
			isa = PBXFrameworksBuildPhase;
			buildActionMask = 2147483647;
			files = (
				209E23C9E72CA13C9D3FEBF9 /* EventKit.framework in Frameworks */,
				167180520DB89BBA73207EE2 /* AppKit.framework in Frameworks */,
			);
			runOnlyForDeploymentPostprocessing = 0;
		};
		C3D4E3784D663BE53D8668BB /* Frameworks */ = {
			isa = PBXFrameworksBuildPhase;
			buildActionMask = 2147483647;
			files = (
				86FDDF0F199E77B45A707129 /* libCalendarCountdownCore.a in Frameworks */,
				3BFFA78B3D6F7D957CC793FF /* libCalendarCountdownCalendar.a in Frameworks */,
				CE9AC2EF628C3295DBABC4E0 /* EventKit.framework in Frameworks */,
			);
			runOnlyForDeploymentPostprocessing = 0;
		};
		D27BC7C077DA1994F9C560CC /* Frameworks */ = {
			isa = PBXFrameworksBuildPhase;
			buildActionMask = 2147483647;
			files = (
				A9C66371124506DE02DE1F2E /* libCalendarCountdownCore.a in Frameworks */,
				70371D254506530E3F03F560 /* WidgetKit.framework in Frameworks */,
				445B06DC7FC3AA12BA483031 /* SwiftUI.framework in Frameworks */,
			);
			runOnlyForDeploymentPostprocessing = 0;
		};
		FA3A142F6649D25D7A74E0FC /* Frameworks */ = {
			isa = PBXFrameworksBuildPhase;
			buildActionMask = 2147483647;
			files = (
				78583CD46349A08EB415AFD3 /* libCalendarCountdownCore.a in Frameworks */,
				B3F65511E371D76879117737 /* libCalendarCountdownCalendar.a in Frameworks */,
				78A34B836A5F202979BCA451 /* EventKit.framework in Frameworks */,
				2D6867EF6859A4E8A124CC14 /* WidgetKit.framework in Frameworks */,
				4DE07AAB1E3F9F4C3A8F6E36 /* libCalendarCountdownPersistence.a in Frameworks */,
				BF36D7A3D6386EAB0C8F0864 /* CloudKit.framework in Frameworks */,
			);
			runOnlyForDeploymentPostprocessing = 0;
		};
		ACB133A6E4D8843DA874EE44 /* Frameworks */ = {
			isa = PBXFrameworksBuildPhase;
			buildActionMask = 2147483647;
			files = (
				2C96F55A198D5B470B121CC8 /* libCalendarCountdownCore.a in Frameworks */,
				97852AD70074459FA2B8AB2C /* CloudKit.framework in Frameworks */,
				889424A05A886A31F57BCE81 /* libsqlite3.tbd in Frameworks */,
			);
			runOnlyForDeploymentPostprocessing = 0;
		};
		F148881C87EA8A7E75E43D1D /* Frameworks */ = {
			isa = PBXFrameworksBuildPhase;
			buildActionMask = 2147483647;
			files = (
				C380647374C3FCF200F5D7EF /* libCalendarCountdownPersistence.a in Frameworks */,
				A661253ADF78A8B90A0C92FC /* libCalendarCountdownCore.a in Frameworks */,
			);
			runOnlyForDeploymentPostprocessing = 0;
		};
		D14716AB141EAB8E6D4632EC /* Frameworks */ = {
			isa = PBXFrameworksBuildPhase;
			buildActionMask = 2147483647;
			files = (
				005732290F6D547B4D26A0B5 /* EventKit.framework in Frameworks */,
				EC247DCD03BD7C43CD981CB8 /* WidgetKit.framework in Frameworks */,
				5D7E86B38A5F8BA401C197D8 /* CloudKit.framework in Frameworks */,
				7D622FE5ADA3743707F68339 /* libsqlite3.tbd in Frameworks */,
				E1F31C95A518DCB4B0A9FB8B /* SwiftUI.framework in Frameworks */,
			);
			runOnlyForDeploymentPostprocessing = 0;
		};
		EB13DE5B3E76024CAC304800 /* Frameworks */ = {
			isa = PBXFrameworksBuildPhase;
			buildActionMask = 2147483647;
			files = (
				FC7AD81A841CDF926AF79EEA /* WidgetKit.framework in Frameworks */,
				87CF877430FAF693D81B1A1E /* SwiftUI.framework in Frameworks */,
			);
			runOnlyForDeploymentPostprocessing = 0;
		};
/* End PBXFrameworksBuildPhase section */

/* Begin PBXGroup section */
		129BCC9B8619489B2610BFD8 /* Widget */ = {
			isa = PBXGroup;
			children = (
				BE6D6D4F30560F2D37B83C3D /* CalendarCountdownWidget.swift */,
			);
			path = Widget;
			sourceTree = "<group>";
		};
		173485CB641B469736B3194E = {
			isa = PBXGroup;
			children = (
				BF672FE43BC13CAA4EFAF4AC /* App */,
				A7A72B1A7790B6ABFEC0A1CB /* CalendarBridge */,
				5C9B448B5DE1510BB9B9CD1A /* CLI */,
				17C945DDB76410BEFAEAD672 /* Core */,
				B7E76111D37D3194BEBD66AA /* Localization */,
				D91B86E2203EDB845FF6C9F2 /* Resources */,
				3236FD6B745F95B6866FE7F9 /* Tests */,
				129BCC9B8619489B2610BFD8 /* Widget */,
				30B25720221AD39C6AF4F270 /* Persistence */,
				79A96B1FBE8B249D5BA4DDF1 /* SharedUI */,
				FCCF66CB40ACA5DEBED76440 /* Services */,
				B956DE4DC0D2B2F362C14561 /* Mobile */,
				F1728C197B044BC6E0CD0391 /* WidgetiOS */,
				883082D78A70E5B4CB7B4E1E /* PersistenceTests */,
				C064CB8AE4B6B2F15B34FDBA /* MobileTests */,
				E47D2D1A68D185FAEDDDD567 /* MobileUITests */,
				C4F5F153B634DDCB6628861D /* Frameworks */,
				952E52C4CE6EC5D781C13533 /* Products */,
			);
			sourceTree = "<group>";
		};
		17C945DDB76410BEFAEAD672 /* Core */ = {
			isa = PBXGroup;
			children = (
				3261404CA33E927A22BACE6D /* AppLocalization.swift */,
				453C7F5E119353B3742D12DA /* DateSupport.swift */,
				622448B5801D2B556C2B8581 /* LunarDateResolver.swift */,
				8BE5412E680BD1E9983A7C92 /* Models.swift */,
				ACCD0715AF49783237256570 /* Persistence.swift */,
				023A0029FABCE35A937F3BF1 /* ProductConstants.swift */,
				742C4AE139255505851E4CCF /* TrackedEvents.swift */,
				241317BB23CE634E81423861 /* WidgetSnapshot.swift */,
				CF51C8D5C25CBFD59364DCC9 /* AppRoute.swift */,
				DA79B3622198864AA683DE0C /* CloudRecords.swift */,
				D5539C6165B4A90A11DDAD4D /* CountdownCloudModels.swift */,
				8245A84A1F1573B3BB4644ED /* DomainV2.swift */,
			);
			path = Core;
			sourceTree = "<group>";
		};
		3236FD6B745F95B6866FE7F9 /* Tests */ = {
			isa = PBXGroup;
			children = (
				1B9ED4A5ED8CF6612F8B5B40 /* CalendarCountdownCoreTests.swift */,
			);
			path = Tests;
			sourceTree = "<group>";
		};
		5C9B448B5DE1510BB9B9CD1A /* CLI */ = {
			isa = PBXGroup;
			children = (
				83BDAAB03B2612D98EC39EEE /* CalCountCLI.swift */,
			);
			path = CLI;
			sourceTree = "<group>";
		};
		952E52C4CE6EC5D781C13533 /* Products */ = {
			isa = PBXGroup;
			children = (
				6BEDD997023ABA523C99D095 /* calcount */,
				5FF27CFF5C668AB0527D8B2D /* CalendarCountdown.app */,
				672D0198C6AF457258E6910C /* CalendarCountdownCoreTests.xctest */,
				67CDF0687E4148F3520C3E2B /* CalendarCountdownWidget.appex */,
				01240C817008A5CF3E1E2BBD /* libCalendarCountdownCalendar.a */,
				1E8AC3FCC01295977EDB1CC2 /* libCalendarCountdownCore.a */,
				F949CD80061A12791DDBF3AF /* libCalendarCountdownPersistence.a */,
				9263AAE557B5CCAAF1F8F673 /* CalendarCountdownPersistenceTests.xctest */,
				E67945EE68634073EF67CDFF /* CalendarCountdown.app */,
				83F38C9764E66D4C7C263C25 /* CalendarCountdowniOSWidget.appex */,
				112902444B3C9FECC4623CE1 /* CalendarCountdowniOSTests.xctest */,
				0A8306AC336D74AFC0892206 /* CalendarCountdowniOSUITests.xctest */,
			);
			name = Products;
			sourceTree = "<group>";
		};
		A7A72B1A7790B6ABFEC0A1CB /* CalendarBridge */ = {
			isa = PBXGroup;
			children = (
				48A65B465D7CC242E16586C7 /* EventKitRepository.swift */,
			);
			path = CalendarBridge;
			sourceTree = "<group>";
		};
		B7E76111D37D3194BEBD66AA /* Localization */ = {
			isa = PBXGroup;
			children = (
				4C7730FB193A9AB04CED3A0D /* InfoPlist.strings */,
				AD2B277F119CDCAE06896A48 /* Localizable.strings */,
			);
			path = Localization;
			sourceTree = "<group>";
		};
		BF672FE43BC13CAA4EFAF4AC /* App */ = {
			isa = PBXGroup;
			children = (
				65A00A2EC823BEC266439258 /* AddEventView.swift */,
				AAE508BFB13FF36FA3261846 /* AppearanceSettings.swift */,
				8EEE845B42F1D86E560D1C09 /* AppModel.swift */,
				D8978D9965FE285A78896EA9 /* CalendarCountdownApp.swift */,
				A1DD3DCF6D0B33B7C1BA434D /* FocusAppearance.swift */,
				FCFB902ACE9E608A590C8CCA /* MainView.swift */,
				056E118F36D92693F8D13E2E /* MenuBarContentView.swift */,
				ACC618D6F66C3A1431E420FD /* RootView.swift */,
			);
			path = App;
			sourceTree = "<group>";
		};
		C4F5F153B634DDCB6628861D /* Frameworks */ = {
			isa = PBXGroup;
			children = (
				3F1F4255E9C01615675FAF30 /* AppKit.framework */,
				F962E882C560CE12182B37E3 /* EventKit.framework */,
				72E2718D0B79EFBCB1E614BF /* SwiftUI.framework */,
				7BD05FE988DA963486060135 /* WidgetKit.framework */,
				02A08DFF627875BD553C0324 /* CloudKit.framework */,
				9BA2D63611BFF0B4A840F32C /* libsqlite3.tbd */,
			);
			name = Frameworks;
			sourceTree = "<group>";
		};
		D91B86E2203EDB845FF6C9F2 /* Resources */ = {
			isa = PBXGroup;
			children = (
				0C3F4DA09F836B3727643B6F /* Assets.xcassets */,
			);
			path = Resources;
			sourceTree = "<group>";
		};
		30B25720221AD39C6AF4F270 /* Persistence */ = {
			isa = PBXGroup;
			children = (
				DF1F0B923E25CDA16CDC0555 /* AppBroker.swift */,
				6080448D7A0BC994423B6EFD /* AppDatabase.swift */,
				A2EAAC77A407004578858B47 /* CloudKitSyncEngine.swift */,
				50DFA01CAF63A1B2A558D221 /* CloudProfileSession.swift */,
				C6D6644840B1B3905AE403EC /* DomainStore.swift */,
			);
			path = Persistence;
			sourceTree = "<group>";
		};
		79A96B1FBE8B249D5BA4DDF1 /* SharedUI */ = {
			isa = PBXGroup;
			children = (
				04A03FAB9107F3B25A0ACEF0 /* AppSectionSidebar.swift */,
				56E67EABC74233A2534B93E5 /* ColorHex.swift */,
				B64FD1881F733A57C2D1AE38 /* WorkModuleViews.swift */,
			);
			path = SharedUI;
			sourceTree = "<group>";
		};
		FCCF66CB40ACA5DEBED76440 /* Services */ = {
			isa = PBXGroup;
			children = (
				3B3570B2D2809827D3F30911 /* Workspace.swift */,
			);
			path = Services;
			sourceTree = "<group>";
		};
		B956DE4DC0D2B2F362C14561 /* Mobile */ = {
			isa = PBXGroup;
			children = (
				F915B09C7BC432C35D1BD35D /* CalendarCountdowniOSApp.swift */,
				E6BF1458A6C84728FBC640A1 /* MobileRootView.swift */,
			);
			path = Mobile;
			sourceTree = "<group>";
		};
		F1728C197B044BC6E0CD0391 /* WidgetiOS */ = {
			isa = PBXGroup;
			children = (
				28F55D33DCB1BBE0394D7659 /* CalendarCountdowniOSWidget.swift */,
			);
			path = WidgetiOS;
			sourceTree = "<group>";
		};
		883082D78A70E5B4CB7B4E1E /* PersistenceTests */ = {
			isa = PBXGroup;
			children = (
				98C41A0B61B38A74F7C37FED /* AppDatabaseAndServiceTests.swift */,
			);
			path = PersistenceTests;
			sourceTree = "<group>";
		};
		C064CB8AE4B6B2F15B34FDBA /* MobileTests */ = {
			isa = PBXGroup;
			children = (
				FC97A79D5C093DA58AE32579 /* CalendarCountdowniOSTests.swift */,
			);
			path = MobileTests;
			sourceTree = "<group>";
		};
		E47D2D1A68D185FAEDDDD567 /* MobileUITests */ = {
			isa = PBXGroup;
			children = (
				6CBA34AF0590F0E0A231CE3A /* CalendarCountdowniOSUITests.swift */,
			);
			path = MobileUITests;
			sourceTree = "<group>";
		};
/* End PBXGroup section */

/* Begin PBXNativeTarget section */
		3321A1EC8CA91180023317F7 /* CalendarCountdown */ = {
			isa = PBXNativeTarget;
			buildConfigurationList = A377E422673207940065E921 /* Build configuration list for PBXNativeTarget "CalendarCountdown" */;
			buildPhases = (
				56A7FCB454319B0C32A8DED2 /* Sources */,
				1D4E3F7666B1ACA072AD0A5E /* Resources */,
				FA3A142F6649D25D7A74E0FC /* Frameworks */,
				9486B9097D034E229FE921D9 /* Embed Foundation Extensions */,
			);
			buildRules = (
			);
			dependencies = (
				DD5F0D528041592735ED5C48 /* PBXTargetDependency */,
				ABA2DB8C6908F589785671B1 /* PBXTargetDependency */,
				9C05DA74B95AE0D47C4DFB9F /* PBXTargetDependency */,
				19E7EDCC7B6B402AAEC044A0 /* PBXTargetDependency */,
			);
			name = CalendarCountdown;
			packageProductDependencies = (
			);
			productName = CalendarCountdown;
			productReference = 5FF27CFF5C668AB0527D8B2D /* CalendarCountdown.app */;
			productType = "com.apple.product-type.application";
		};
		6377F8DF46BFFCC3C602C1D1 /* CalendarCountdownCoreTests */ = {
			isa = PBXNativeTarget;
			buildConfigurationList = 68DF178F24CE223FB0EA3736 /* Build configuration list for PBXNativeTarget "CalendarCountdownCoreTests" */;
			buildPhases = (
				0BEBBE70B6DC90F7E5E5C78E /* Sources */,
				A486412FCA6F1B031918366C /* Frameworks */,
			);
			buildRules = (
			);
			dependencies = (
				6CDFE682C8A8E131937A87D6 /* PBXTargetDependency */,
			);
			name = CalendarCountdownCoreTests;
			packageProductDependencies = (
			);
			productName = CalendarCountdownCoreTests;
			productReference = 672D0198C6AF457258E6910C /* CalendarCountdownCoreTests.xctest */;
			productType = "com.apple.product-type.bundle.unit-test";
		};
		7DB338739E49E2C947210F44 /* calcount */ = {
			isa = PBXNativeTarget;
			buildConfigurationList = 26BFCB18413D59EFCE428527 /* Build configuration list for PBXNativeTarget "calcount" */;
			buildPhases = (
				4C0BF20626D5034DCCF60D0D /* Sources */,
				C3D4E3784D663BE53D8668BB /* Frameworks */,
			);
			buildRules = (
			);
			dependencies = (
				150B3E4EB44210FB39DD2CEE /* PBXTargetDependency */,
				DDA422549E0C017DE179E862 /* PBXTargetDependency */,
			);
			name = calcount;
			packageProductDependencies = (
			);
			productName = calcount;
			productReference = 6BEDD997023ABA523C99D095 /* calcount */;
			productType = "com.apple.product-type.tool";
		};
		A010F775DC7149AFD453D6CB /* CalendarCountdownCore */ = {
			isa = PBXNativeTarget;
			buildConfigurationList = 6D34F88BD7EFFF0BE03098E4 /* Build configuration list for PBXNativeTarget "CalendarCountdownCore" */;
			buildPhases = (
				AE5D36E7028567478D5C144F /* Sources */,
				83F7190B2AA16FE6C2D85377 /* Copy Swift Objective-C Interface Header */,
			);
			buildRules = (
			);
			dependencies = (
			);
			name = CalendarCountdownCore;
			packageProductDependencies = (
			);
			productName = CalendarCountdownCore;
			productReference = 1E8AC3FCC01295977EDB1CC2 /* libCalendarCountdownCore.a */;
			productType = "com.apple.product-type.library.static";
		};
		A79E397483A4F4439DF21CC9 /* CalendarCountdownCalendar */ = {
			isa = PBXNativeTarget;
			buildConfigurationList = E550B4D4C0B5C75C11F8AB6A /* Build configuration list for PBXNativeTarget "CalendarCountdownCalendar" */;
			buildPhases = (
				A8DE2E0E1F88C763203DAE34 /* Sources */,
				7BD30332FF68388651F014B1 /* Copy Swift Objective-C Interface Header */,
				AC71B3599CC6B5C121058922 /* Frameworks */,
			);
			buildRules = (
			);
			dependencies = (
				F77A9C8C4055F17A7EDBCA06 /* PBXTargetDependency */,
			);
			name = CalendarCountdownCalendar;
			packageProductDependencies = (
			);
			productName = CalendarCountdownCalendar;
			productReference = 01240C817008A5CF3E1E2BBD /* libCalendarCountdownCalendar.a */;
			productType = "com.apple.product-type.library.static";
		};
		C56639B158E4FB09403C053C /* CalendarCountdownWidget */ = {
			isa = PBXNativeTarget;
			buildConfigurationList = 3E6F5AA81FE5931BEA932791 /* Build configuration list for PBXNativeTarget "CalendarCountdownWidget" */;
			buildPhases = (
				1083586D4ECE60DF085EB469 /* Sources */,
				0B0C9CD4836627C2A6583AFE /* Resources */,
				D27BC7C077DA1994F9C560CC /* Frameworks */,
			);
			buildRules = (
			);
			dependencies = (
				CDA815897DBDECC387BD00FD /* PBXTargetDependency */,
			);
			name = CalendarCountdownWidget;
			packageProductDependencies = (
			);
			productName = CalendarCountdownWidget;
			productReference = 67CDF0687E4148F3520C3E2B /* CalendarCountdownWidget.appex */;
			productType = "com.apple.product-type.app-extension";
		};
		9796BF57C94ABABC8B16EC93 /* CalendarCountdownPersistence */ = {
			isa = PBXNativeTarget;
			buildConfigurationList = DF15926537AEB550AF4885CB /* Build configuration list for PBXNativeTarget "CalendarCountdownPersistence" */;
			buildPhases = (
				970C4A4F9AAE3C0B6E653F1E /* Sources */,
				ACB133A6E4D8843DA874EE44 /* Frameworks */,
				01A31E8B9928CC382E0072C0 /* Copy Swift Objective-C Interface Header */,
			);
			buildRules = (
			);
			dependencies = (
				52D433C90AD5DD55A9E694A0 /* PBXTargetDependency */,
			);
			name = CalendarCountdownPersistence;
			packageProductDependencies = (
			);
			productName = CalendarCountdownPersistence;
			productReference = F949CD80061A12791DDBF3AF /* libCalendarCountdownPersistence.a */;
			productType = "com.apple.product-type.library.static";
		};
		5E5985CA69687C50AF22E019 /* CalendarCountdownPersistenceTests */ = {
			isa = PBXNativeTarget;
			buildConfigurationList = 4B4623B8962A37CBAE19539B /* Build configuration list for PBXNativeTarget "CalendarCountdownPersistenceTests" */;
			buildPhases = (
				37E1E01B36381C9F562283B6 /* Sources */,
				F148881C87EA8A7E75E43D1D /* Frameworks */,
			);
			buildRules = (
			);
			dependencies = (
				61AADEF5E668D28B381BDB7D /* PBXTargetDependency */,
			);
			name = CalendarCountdownPersistenceTests;
			packageProductDependencies = (
			);
			productName = CalendarCountdownPersistenceTests;
			productReference = 9263AAE557B5CCAAF1F8F673 /* CalendarCountdownPersistenceTests.xctest */;
			productType = "com.apple.product-type.bundle.unit-test";
		};
		AE04999AB082B10B4DCE3EA6 /* CalendarCountdowniOS */ = {
			isa = PBXNativeTarget;
			buildConfigurationList = 4D717CA5874C0DB6CD33EB49 /* Build configuration list for PBXNativeTarget "CalendarCountdowniOS" */;
			buildPhases = (
				E45065E2DFF09C4F7455DDCF /* Sources */,
				0414ECD6F3DCEE57EC61CFC1 /* Resources */,
				D14716AB141EAB8E6D4632EC /* Frameworks */,
				54A5A99135538968E1BA4835 /* Embed Foundation Extensions */,
			);
			buildRules = (
			);
			dependencies = (
				2CC6624DAF904031D40FECD1 /* PBXTargetDependency */,
			);
			name = CalendarCountdowniOS;
			packageProductDependencies = (
			);
			productName = CalendarCountdown;
			productReference = E67945EE68634073EF67CDFF /* CalendarCountdown.app */;
			productType = "com.apple.product-type.application";
		};
		593586AA9361AA5CD49D6E0F /* CalendarCountdowniOSWidget */ = {
			isa = PBXNativeTarget;
			buildConfigurationList = 711CD47104FFF7B370A1A487 /* Build configuration list for PBXNativeTarget "CalendarCountdowniOSWidget" */;
			buildPhases = (
				93824A2DF3DCC68C10936D61 /* Sources */,
				98D40797A916FEABD4560306 /* Resources */,
				EB13DE5B3E76024CAC304800 /* Frameworks */,
			);
			buildRules = (
			);
			dependencies = (

			);
			name = CalendarCountdowniOSWidget;
			packageProductDependencies = (
			);
			productName = CalendarCountdowniOSWidget;
			productReference = 83F38C9764E66D4C7C263C25 /* CalendarCountdowniOSWidget.appex */;
			productType = "com.apple.product-type.app-extension";
		};
		F130354799A4C7D82CCBFDD9 /* CalendarCountdowniOSTests */ = {
			isa = PBXNativeTarget;
			buildConfigurationList = D0FF76928BCC5A138E1C16D5 /* Build configuration list for PBXNativeTarget "CalendarCountdowniOSTests" */;
			buildPhases = (
				EEF546AD230D1466521414F2 /* Sources */,
			);
			buildRules = (
			);
			dependencies = (
				89ECA2248420B16413628B6C /* PBXTargetDependency */,
			);
			name = CalendarCountdowniOSTests;
			packageProductDependencies = (
			);
			productName = CalendarCountdowniOSTests;
			productReference = 112902444B3C9FECC4623CE1 /* CalendarCountdowniOSTests.xctest */;
			productType = "com.apple.product-type.bundle.unit-test";
		};
		FC7032033E2D02679734559F /* CalendarCountdowniOSUITests */ = {
			isa = PBXNativeTarget;
			buildConfigurationList = 26A929D0E369B0CAFD60128F /* Build configuration list for PBXNativeTarget "CalendarCountdowniOSUITests" */;
			buildPhases = (
				8656245B2DB05783352C2EB1 /* Sources */,
			);
			buildRules = (
			);
			dependencies = (
				C720AA0C7FCCA83BBF71C1AC /* PBXTargetDependency */,
			);
			name = CalendarCountdowniOSUITests;
			packageProductDependencies = (
			);
			productName = CalendarCountdowniOSUITests;
			productReference = 0A8306AC336D74AFC0892206 /* CalendarCountdowniOSUITests.xctest */;
			productType = "com.apple.product-type.bundle.ui-testing";
		};
/* End PBXNativeTarget section */

/* Begin PBXProject section */
		6EC488ABDD974036BC95F55D /* Project object */ = {
			isa = PBXProject;
			attributes = {
				BuildIndependentTargetsInParallel = YES;
				LastUpgradeCheck = 1430;
				TargetAttributes = {
					3321A1EC8CA91180023317F7 = {
						ProvisioningStyle = Automatic;
					};
					7DB338739E49E2C947210F44 = {
						ProvisioningStyle = Automatic;
					};
					C56639B158E4FB09403C053C = {
						ProvisioningStyle = Automatic;
					};
				};
			};
			buildConfigurationList = E4CFBCC3779405B48A9C4B49 /* Build configuration list for PBXProject "CalendarCountdown" */;
			developmentRegion = "zh-Hans";
			hasScannedForEncodings = 0;
			knownRegions = (
				Base,
				en,
				es,
				ja,
				ko,
				ru,
				"zh-Hans",
			);
			mainGroup = 173485CB641B469736B3194E;
			minimizedProjectReferenceProxies = 1;
			preferredProjectObjectVersion = 77;
			productRefGroup = 952E52C4CE6EC5D781C13533 /* Products */;
			projectDirPath = "";
			projectRoot = "";
			targets = (
				A010F775DC7149AFD453D6CB /* CalendarCountdownCore */,
				A79E397483A4F4439DF21CC9 /* CalendarCountdownCalendar */,
				3321A1EC8CA91180023317F7 /* CalendarCountdown */,
				C56639B158E4FB09403C053C /* CalendarCountdownWidget */,
				7DB338739E49E2C947210F44 /* calcount */,
				6377F8DF46BFFCC3C602C1D1 /* CalendarCountdownCoreTests */,
				9796BF57C94ABABC8B16EC93 /* CalendarCountdownPersistence */,
				5E5985CA69687C50AF22E019 /* CalendarCountdownPersistenceTests */,
				AE04999AB082B10B4DCE3EA6 /* CalendarCountdowniOS */,
				593586AA9361AA5CD49D6E0F /* CalendarCountdowniOSWidget */,
				F130354799A4C7D82CCBFDD9 /* CalendarCountdowniOSTests */,
				FC7032033E2D02679734559F /* CalendarCountdowniOSUITests */,
			);
		};
/* End PBXProject section */

/* Begin PBXResourcesBuildPhase section */
		0B0C9CD4836627C2A6583AFE /* Resources */ = {
			isa = PBXResourcesBuildPhase;
			buildActionMask = 2147483647;
			files = (
				EFF34B38DF4B20B9EF08BD4C /* InfoPlist.strings in Resources */,
				D820F6736B8767EE964BBB04 /* Localizable.strings in Resources */,
			);
			runOnlyForDeploymentPostprocessing = 0;
		};
		1D4E3F7666B1ACA072AD0A5E /* Resources */ = {
			isa = PBXResourcesBuildPhase;
			buildActionMask = 2147483647;
			files = (
				3B82A9B6FD92696816214F4C /* Assets.xcassets in Resources */,
				71BD9E7CF9A5C44E677E25F3 /* InfoPlist.strings in Resources */,
				C07AAA284E31B110E5055364 /* Localizable.strings in Resources */,
			);
			runOnlyForDeploymentPostprocessing = 0;
		};
		0414ECD6F3DCEE57EC61CFC1 /* Resources */ = {
			isa = PBXResourcesBuildPhase;
			buildActionMask = 2147483647;
			files = (
				751E97F2D045AE209F4B3FBC /* Assets.xcassets in Resources */,
				25A6A6CA731DEF9938C9FC29 /* InfoPlist.strings in Resources */,
				046AC5E06E01484DCE35F3E2 /* Localizable.strings in Resources */,
			);
			runOnlyForDeploymentPostprocessing = 0;
		};
		98D40797A916FEABD4560306 /* Resources */ = {
			isa = PBXResourcesBuildPhase;
			buildActionMask = 2147483647;
			files = (
				836DFCB03BC9FB6A1B8D553D /* InfoPlist.strings in Resources */,
				858BC1EDCBB5D458A6EAEC1E /* Localizable.strings in Resources */,
			);
			runOnlyForDeploymentPostprocessing = 0;
		};
/* End PBXResourcesBuildPhase section */

/* Begin PBXShellScriptBuildPhase section */
		7BD30332FF68388651F014B1 /* Copy Swift Objective-C Interface Header */ = {
			isa = PBXShellScriptBuildPhase;
			buildActionMask = 2147483647;
			files = (
			);
			inputPaths = (
				"$(DERIVED_SOURCES_DIR)/$(SWIFT_OBJC_INTERFACE_HEADER_NAME)",
			);
			name = "Copy Swift Objective-C Interface Header";
			outputPaths = (
				"$(BUILT_PRODUCTS_DIR)/include/$(PRODUCT_MODULE_NAME)/$(SWIFT_OBJC_INTERFACE_HEADER_NAME)",
			);
			runOnlyForDeploymentPostprocessing = 0;
			shellPath = /bin/sh;
			shellScript = "ditto \"${SCRIPT_INPUT_FILE_0}\" \"${SCRIPT_OUTPUT_FILE_0}\"\n";
		};
		83F7190B2AA16FE6C2D85377 /* Copy Swift Objective-C Interface Header */ = {
			isa = PBXShellScriptBuildPhase;
			buildActionMask = 2147483647;
			files = (
			);
			inputPaths = (
				"$(DERIVED_SOURCES_DIR)/$(SWIFT_OBJC_INTERFACE_HEADER_NAME)",
			);
			name = "Copy Swift Objective-C Interface Header";
			outputPaths = (
				"$(BUILT_PRODUCTS_DIR)/include/$(PRODUCT_MODULE_NAME)/$(SWIFT_OBJC_INTERFACE_HEADER_NAME)",
			);
			runOnlyForDeploymentPostprocessing = 0;
			shellPath = /bin/sh;
			shellScript = "ditto \"${SCRIPT_INPUT_FILE_0}\" \"${SCRIPT_OUTPUT_FILE_0}\"\n";
		};
		01A31E8B9928CC382E0072C0 /* Copy Swift Objective-C Interface Header */ = {
			isa = PBXShellScriptBuildPhase;
			buildActionMask = 2147483647;
			files = (
			);
			inputPaths = (
				"$(DERIVED_SOURCES_DIR)/$(SWIFT_OBJC_INTERFACE_HEADER_NAME)",
			);
			name = "Copy Swift Objective-C Interface Header";
			outputPaths = (
				"$(BUILT_PRODUCTS_DIR)/include/$(PRODUCT_MODULE_NAME)/$(SWIFT_OBJC_INTERFACE_HEADER_NAME)",
			);
			runOnlyForDeploymentPostprocessing = 0;
			shellPath = /bin/sh;
			shellScript = "ditto \"${SCRIPT_INPUT_FILE_0}\" \"${SCRIPT_OUTPUT_FILE_0}\"\n";
		};
/* End PBXShellScriptBuildPhase section */

/* Begin PBXSourcesBuildPhase section */
		0BEBBE70B6DC90F7E5E5C78E /* Sources */ = {
			isa = PBXSourcesBuildPhase;
			buildActionMask = 2147483647;
			files = (
				2154450D5296A969AFD84F16 /* CalendarCountdownCoreTests.swift in Sources */,
			);
			runOnlyForDeploymentPostprocessing = 0;
		};
		1083586D4ECE60DF085EB469 /* Sources */ = {
			isa = PBXSourcesBuildPhase;
			buildActionMask = 2147483647;
			files = (
				18061E6D2C47E724D1C7484D /* CalendarCountdownWidget.swift in Sources */,
			);
			runOnlyForDeploymentPostprocessing = 0;
		};
		4C0BF20626D5034DCCF60D0D /* Sources */ = {
			isa = PBXSourcesBuildPhase;
			buildActionMask = 2147483647;
			files = (
				94FAF9D870C43DCF16C14855 /* CalCountCLI.swift in Sources */,
			);
			runOnlyForDeploymentPostprocessing = 0;
		};
		56A7FCB454319B0C32A8DED2 /* Sources */ = {
			isa = PBXSourcesBuildPhase;
			buildActionMask = 2147483647;
			files = (
				BD5A49ED87605283D7D595E7 /* AddEventView.swift in Sources */,
				2597DE80B43C2CFD86E8B9F5 /* AppModel.swift in Sources */,
				DD7D32E06C9DF768BBF29F03 /* AppearanceSettings.swift in Sources */,
				68398549AD3EDCA7F659487B /* CalendarCountdownApp.swift in Sources */,
				8EE06AEAC7C11EFB7DD54F25 /* FocusAppearance.swift in Sources */,
				9D060BE8DAC1A32343B2B42E /* MainView.swift in Sources */,
				9B9961711EE60D16A5727842 /* MenuBarContentView.swift in Sources */,
				B5DBE69B18A0351F58F86A76 /* RootView.swift in Sources */,
				E54FFCD81EB81F9AB4369607 /* AppSectionSidebar.swift in Sources */,
				ADF5C612EED9A1CD96F1A8AD /* ColorHex.swift in Sources */,
				8791367CC5E8CD2BD7E03C0B /* WorkModuleViews.swift in Sources */,
				1CD5C1DE161C13C054677A4B /* Workspace.swift in Sources */,
			);
			runOnlyForDeploymentPostprocessing = 0;
		};
		A8DE2E0E1F88C763203DAE34 /* Sources */ = {
			isa = PBXSourcesBuildPhase;
			buildActionMask = 2147483647;
			files = (
				5619AA4F1BA74F0A2D62DD42 /* EventKitRepository.swift in Sources */,
			);
			runOnlyForDeploymentPostprocessing = 0;
		};
		AE5D36E7028567478D5C144F /* Sources */ = {
			isa = PBXSourcesBuildPhase;
			buildActionMask = 2147483647;
			files = (
				93AD99C1DEC5BD3E49DF8149 /* AppLocalization.swift in Sources */,
				422A2925787CB710EAF7569A /* DateSupport.swift in Sources */,
				0D486CDB74342695FFC2DC0F /* LunarDateResolver.swift in Sources */,
				F14844B86DB636D4B84CBB87 /* Models.swift in Sources */,
				710AD34AD15E30721E38F620 /* Persistence.swift in Sources */,
				D8C35AB08476A9A70AE7507F /* ProductConstants.swift in Sources */,
				5E54D68F24404A5F817AB6F7 /* TrackedEvents.swift in Sources */,
				8F3047F9F8BDFF082AD33699 /* WidgetSnapshot.swift in Sources */,
				02D27F43673929108B4EA976 /* AppRoute.swift in Sources */,
				96C720A372FD1516E762BB5F /* CloudRecords.swift in Sources */,
				B2DF77AC166F3B903E8A8CD5 /* CountdownCloudModels.swift in Sources */,
				E40FC53665E6ED666967B582 /* DomainV2.swift in Sources */,
			);
			runOnlyForDeploymentPostprocessing = 0;
		};
		970C4A4F9AAE3C0B6E653F1E /* Sources */ = {
			isa = PBXSourcesBuildPhase;
			buildActionMask = 2147483647;
			files = (
				B9510AD9536639662F89A270 /* AppBroker.swift in Sources */,
				28B83301A2AD19600F1A8B56 /* AppDatabase.swift in Sources */,
				D77FD3533776DCAC96353564 /* CloudKitSyncEngine.swift in Sources */,
				1A13CFBF9F4D1786C226E540 /* CloudProfileSession.swift in Sources */,
				BB388899889A6F212CBDBF49 /* DomainStore.swift in Sources */,
			);
			runOnlyForDeploymentPostprocessing = 0;
		};
		37E1E01B36381C9F562283B6 /* Sources */ = {
			isa = PBXSourcesBuildPhase;
			buildActionMask = 2147483647;
			files = (
				821BF76D29975010233B3D04 /* AppDatabaseAndServiceTests.swift in Sources */,
			);
			runOnlyForDeploymentPostprocessing = 0;
		};
		E45065E2DFF09C4F7455DDCF /* Sources */ = {
			isa = PBXSourcesBuildPhase;
			buildActionMask = 2147483647;
			files = (
				FCD37E820588A5C04E8E38E3 /* AppLocalization.swift in Sources */,
				9C96BE8778973960C4F36AAD /* DateSupport.swift in Sources */,
				30AA7C70E947546BEE479706 /* LunarDateResolver.swift in Sources */,
				9D6CEFE6A254F2A122F281AA /* Models.swift in Sources */,
				C3E98AD8AC900998B6DB6C17 /* Persistence.swift in Sources */,
				4E4C3B0547AFA0B27DA3BD9E /* ProductConstants.swift in Sources */,
				E2FDF41B81FC6DB2916B03D4 /* TrackedEvents.swift in Sources */,
				35A63B47FC69624EE752B4A6 /* WidgetSnapshot.swift in Sources */,
				F70CEFC074FF6E101421B2D3 /* AppRoute.swift in Sources */,
				7EA12E45E247D2E81A6D3CEE /* CloudRecords.swift in Sources */,
				FE0C4132C285B4E03E9EB320 /* CountdownCloudModels.swift in Sources */,
				FE777D425E90D438F51D004E /* DomainV2.swift in Sources */,
				158B9B2CA7865E469E6D1B88 /* EventKitRepository.swift in Sources */,
				6750B7B213E1294285E4F5BB /* AppBroker.swift in Sources */,
				E4746C167ECD7A168D5CB87F /* AppDatabase.swift in Sources */,
				8B664CEEAD6DCD61A673FE89 /* CloudKitSyncEngine.swift in Sources */,
				951F5166A8449B0715C59EB6 /* CloudProfileSession.swift in Sources */,
				EF47F2D84A6FAB22A0689D35 /* DomainStore.swift in Sources */,
				B3026637380CA904EFC67072 /* AppSectionSidebar.swift in Sources */,
				9CD5C94F12DB0CFD587FD56B /* ColorHex.swift in Sources */,
				5A30EB9A3D60C68DC90DD8FB /* WorkModuleViews.swift in Sources */,
				15082BDFA463607A39C888C5 /* Workspace.swift in Sources */,
				B52CD46B0FC12D7B2AE4CBEF /* AddEventView.swift in Sources */,
				5591366EE3C0523B55948EC4 /* AppModel.swift in Sources */,
				2B7D7B3A946A2B65890BC93E /* FocusAppearance.swift in Sources */,
				88B763208E41D9571AC1146B /* MainView.swift in Sources */,
				4DEE94008A03DA70961E7F57 /* CalendarCountdowniOSApp.swift in Sources */,
				50DF5EB5EDA9821F2EC02E79 /* MobileRootView.swift in Sources */,
			);
			runOnlyForDeploymentPostprocessing = 0;
		};
		93824A2DF3DCC68C10936D61 /* Sources */ = {
			isa = PBXSourcesBuildPhase;
			buildActionMask = 2147483647;
			files = (
				50E3C327ADE134FF4CCF30C4 /* AppLocalization.swift in Sources */,
				F22EE1825906FF9041601761 /* DateSupport.swift in Sources */,
				6E7B762F9793D2ECFB36E089 /* LunarDateResolver.swift in Sources */,
				DC5C87DE91520E868E98FE10 /* Models.swift in Sources */,
				F1E7AABB164BD1D04989BB87 /* Persistence.swift in Sources */,
				A93C4321BBED8F6B0C06D52C /* ProductConstants.swift in Sources */,
				6609A1CD66FC88CA2519FF8D /* TrackedEvents.swift in Sources */,
				F0B34717D84297D27307FF81 /* WidgetSnapshot.swift in Sources */,
				E13D444562DA4B9C19483850 /* AppRoute.swift in Sources */,
				CA17E31F3559DDA89537BFE7 /* CloudRecords.swift in Sources */,
				F79398639F8785D41062B3CE /* CountdownCloudModels.swift in Sources */,
				4592F868A6A81E6611FB88A2 /* DomainV2.swift in Sources */,
				F20439A1EC80CC7CB4B38E08 /* CalendarCountdowniOSWidget.swift in Sources */,
			);
			runOnlyForDeploymentPostprocessing = 0;
		};
		EEF546AD230D1466521414F2 /* Sources */ = {
			isa = PBXSourcesBuildPhase;
			buildActionMask = 2147483647;
			files = (
				D1984BAF04AC04ECFF36B107 /* CalendarCountdowniOSTests.swift in Sources */,
			);
			runOnlyForDeploymentPostprocessing = 0;
		};
		8656245B2DB05783352C2EB1 /* Sources */ = {
			isa = PBXSourcesBuildPhase;
			buildActionMask = 2147483647;
			files = (
				A47067689173FB9BF0BF2169 /* CalendarCountdowniOSUITests.swift in Sources */,
			);
			runOnlyForDeploymentPostprocessing = 0;
		};
/* End PBXSourcesBuildPhase section */

/* Begin PBXTargetDependency section */
		150B3E4EB44210FB39DD2CEE /* PBXTargetDependency */ = {
			isa = PBXTargetDependency;
			target = A010F775DC7149AFD453D6CB /* CalendarCountdownCore */;
			targetProxy = 9B19503DEF958C8E94E76FFD /* PBXContainerItemProxy */;
		};
		6CDFE682C8A8E131937A87D6 /* PBXTargetDependency */ = {
			isa = PBXTargetDependency;
			target = A010F775DC7149AFD453D6CB /* CalendarCountdownCore */;
			targetProxy = 1519DAC2FFC4ED8FA1E7926F /* PBXContainerItemProxy */;
		};
		9C05DA74B95AE0D47C4DFB9F /* PBXTargetDependency */ = {
			isa = PBXTargetDependency;
			target = C56639B158E4FB09403C053C /* CalendarCountdownWidget */;
			targetProxy = D24D07E2E91BB3039B640B07 /* PBXContainerItemProxy */;
		};
		ABA2DB8C6908F589785671B1 /* PBXTargetDependency */ = {
			isa = PBXTargetDependency;
			target = A79E397483A4F4439DF21CC9 /* CalendarCountdownCalendar */;
			targetProxy = FB0F6603B88AB7BA96E35C5D /* PBXContainerItemProxy */;
		};
		CDA815897DBDECC387BD00FD /* PBXTargetDependency */ = {
			isa = PBXTargetDependency;
			target = A010F775DC7149AFD453D6CB /* CalendarCountdownCore */;
			targetProxy = A384E6D10988D7370AEFC1C7 /* PBXContainerItemProxy */;
		};
		DD5F0D528041592735ED5C48 /* PBXTargetDependency */ = {
			isa = PBXTargetDependency;
			target = A010F775DC7149AFD453D6CB /* CalendarCountdownCore */;
			targetProxy = 080293F7B02BF63F4F70942D /* PBXContainerItemProxy */;
		};
		DDA422549E0C017DE179E862 /* PBXTargetDependency */ = {
			isa = PBXTargetDependency;
			target = A79E397483A4F4439DF21CC9 /* CalendarCountdownCalendar */;
			targetProxy = 6EF737D662462324DB677683 /* PBXContainerItemProxy */;
		};
		F77A9C8C4055F17A7EDBCA06 /* PBXTargetDependency */ = {
			isa = PBXTargetDependency;
			target = A010F775DC7149AFD453D6CB /* CalendarCountdownCore */;
			targetProxy = 989BC5D0B7A2FE723EE8CFCF /* PBXContainerItemProxy */;
		};
		52D433C90AD5DD55A9E694A0 /* PBXTargetDependency */ = {
			isa = PBXTargetDependency;
			target = A010F775DC7149AFD453D6CB /* CalendarCountdownCore */;
			targetProxy = 6540F4EC3990E48FB2AD2FBF /* PBXContainerItemProxy */;
		};
		61AADEF5E668D28B381BDB7D /* PBXTargetDependency */ = {
			isa = PBXTargetDependency;
			target = 9796BF57C94ABABC8B16EC93 /* CalendarCountdownPersistence */;
			targetProxy = 051FF1E7CD1AD1F3531BFFAB /* PBXContainerItemProxy */;
		};
		2CC6624DAF904031D40FECD1 /* PBXTargetDependency */ = {
			isa = PBXTargetDependency;
			target = 593586AA9361AA5CD49D6E0F /* CalendarCountdowniOSWidget */;
			targetProxy = 9FA184163996FA89E9DE577B /* PBXContainerItemProxy */;
		};
		89ECA2248420B16413628B6C /* PBXTargetDependency */ = {
			isa = PBXTargetDependency;
			target = AE04999AB082B10B4DCE3EA6 /* CalendarCountdowniOS */;
			targetProxy = 3488ADD451A870260A2C16D8 /* PBXContainerItemProxy */;
		};
		C720AA0C7FCCA83BBF71C1AC /* PBXTargetDependency */ = {
			isa = PBXTargetDependency;
			target = AE04999AB082B10B4DCE3EA6 /* CalendarCountdowniOS */;
			targetProxy = 63F1938146113DB5BA8CE8EC /* PBXContainerItemProxy */;
		};
		19E7EDCC7B6B402AAEC044A0 /* PBXTargetDependency */ = {
			isa = PBXTargetDependency;
			target = 9796BF57C94ABABC8B16EC93 /* CalendarCountdownPersistence */;
			targetProxy = 3961DFC7BF003DF9E447AAB6 /* PBXContainerItemProxy */;
		};
/* End PBXTargetDependency section */

/* Begin PBXVariantGroup section */
		4C7730FB193A9AB04CED3A0D /* InfoPlist.strings */ = {
			isa = PBXVariantGroup;
			children = (
				03A2BB18C1099A9C35520E72 /* en */,
				60B7B487607D0E3996D771DE /* es */,
				BA99A6374B377C630F7C846B /* ja */,
				746625886D5A61E1F5D9ED19 /* ko */,
				29473E91E876101F89D1D9E6 /* ru */,
				79BD277BC526FCD3170F925B /* zh-Hans */,
			);
			name = InfoPlist.strings;
			sourceTree = "<group>";
		};
		AD2B277F119CDCAE06896A48 /* Localizable.strings */ = {
			isa = PBXVariantGroup;
			children = (
				838E45BBAAFD99B3BA3D87EF /* en */,
				03EE2CE943906F7FAF742B10 /* es */,
				918C9B454898EDC9D7657C73 /* ja */,
				BD4CE6822FDA07E3C00A9348 /* ko */,
				F03F2D051D91FCE8E433ABDA /* ru */,
				FB34B671921FE15BFBC5372F /* zh-Hans */,
			);
			name = Localizable.strings;
			sourceTree = "<group>";
		};
/* End PBXVariantGroup section */

/* Begin XCBuildConfiguration section */
		0A16C1B68F43CE2BDEE92B31 /* Release */ = {
			isa = XCBuildConfiguration;
			buildSettings = {
				ASSETCATALOG_COMPILER_APPICON_NAME = AppIcon;
				ASSETCATALOG_COMPILER_GLOBAL_ACCENT_COLOR_NAME = AccentColor;
				CODE_SIGN_ENTITLEMENTS = Config/App.entitlements;
				CODE_SIGN_STYLE = Automatic;
				COMBINE_HIDPI_IMAGES = YES;
				ENABLE_APP_SANDBOX = NO;
				INFOPLIST_FILE = "Config/App-Info.plist";
				LD_RUNPATH_SEARCH_PATHS = (
					"$(inherited)",
					"@executable_path/../Frameworks",
				);
				OTHER_LDFLAGS = (
					"$(inherited)",
					"-ObjC",
				);
				PRODUCT_BUNDLE_IDENTIFIER = app.calendarcountdown.CalendarCountdown;
				PRODUCT_NAME = CalendarCountdown;
				SDKROOT = macosx;
			};
			name = Release;
		};
		1A11E98BE62AA93AA123B24C /* Debug */ = {
			isa = XCBuildConfiguration;
			buildSettings = {
				APPLICATION_EXTENSION_API_ONLY = YES;
				CODE_SIGN_ENTITLEMENTS = Config/Widget.entitlements;
				CODE_SIGN_STYLE = Automatic;
				COMBINE_HIDPI_IMAGES = YES;
				ENABLE_APP_SANDBOX = YES;
				INFOPLIST_FILE = "Config/Widget-Info.plist";
				LD_RUNPATH_SEARCH_PATHS = (
					"$(inherited)",
					"@executable_path/../Frameworks",
					"@executable_path/../../../../Frameworks",
				);
				OTHER_LDFLAGS = (
					"$(inherited)",
					"-ObjC",
				);
				PRODUCT_BUNDLE_IDENTIFIER = app.calendarcountdown.CalendarCountdown.Widget;
				PRODUCT_NAME = CalendarCountdownWidget;
				SDKROOT = macosx;
				SKIP_INSTALL = YES;
			};
			name = Debug;
		};
		2D9DE6881BFDB449FA837126 /* Release */ = {
			isa = XCBuildConfiguration;
			buildSettings = {
				COMBINE_HIDPI_IMAGES = YES;
				GENERATE_INFOPLIST_FILE = YES;
				LD_RUNPATH_SEARCH_PATHS = (
					"$(inherited)",
					"@executable_path/../Frameworks",
				);
				PRODUCT_BUNDLE_IDENTIFIER = app.calendarcountdown.CalendarCountdown.Calendar;
				SDKROOT = macosx;
				SKIP_INSTALL = YES;
			};
			name = Release;
		};
		2F337373151374DE8C18C99A /* Debug */ = {
			isa = XCBuildConfiguration;
			buildSettings = {
				BUNDLE_LOADER = "$(TEST_HOST)";
				COMBINE_HIDPI_IMAGES = YES;
				GENERATE_INFOPLIST_FILE = YES;
				LD_RUNPATH_SEARCH_PATHS = (
					"$(inherited)",
					"@executable_path/../Frameworks",
					"@loader_path/../Frameworks",
				);
				OTHER_LDFLAGS = (
					"$(inherited)",
					"-ObjC",
				);
				PRODUCT_BUNDLE_IDENTIFIER = app.calendarcountdown.CalendarCountdown.CoreTests;
				SDKROOT = macosx;
			};
			name = Debug;
		};
		37CEB1DA05952711F5207894 /* Debug */ = {
			isa = XCBuildConfiguration;
			buildSettings = {
				COMBINE_HIDPI_IMAGES = YES;
				GENERATE_INFOPLIST_FILE = YES;
				LD_RUNPATH_SEARCH_PATHS = (
					"$(inherited)",
					"@executable_path/../Frameworks",
				);
				PRODUCT_BUNDLE_IDENTIFIER = app.calendarcountdown.CalendarCountdown.Calendar;
				SDKROOT = macosx;
				SKIP_INSTALL = YES;
			};
			name = Debug;
		};
		59B14A1446A5C2FFFB8BACCD /* Release */ = {
			isa = XCBuildConfiguration;
			buildSettings = {
				CODE_SIGN_ENTITLEMENTS = Config/CLI.entitlements;
				CODE_SIGN_STYLE = Automatic;
				COMBINE_HIDPI_IMAGES = YES;
				CREATE_INFOPLIST_SECTION_IN_BINARY = YES;
				ENABLE_APP_SANDBOX = NO;
				INFOPLIST_FILE = "Config/CLI-Info.plist";
				LD_RUNPATH_SEARCH_PATHS = (
					"$(inherited)",
					"@executable_path/../Frameworks",
				);
				OTHER_LDFLAGS = (
					"$(inherited)",
					"-ObjC",
				);
				PRODUCT_BUNDLE_IDENTIFIER = app.calendarcountdown.CalendarCountdown.CLI;
				PRODUCT_NAME = calcount;
				SDKROOT = macosx;
			};
			name = Release;
		};
		63F44A5E396EAFE8564CC6E5 /* Release */ = {
			isa = XCBuildConfiguration;
			buildSettings = {
				APPLICATION_EXTENSION_API_ONLY = YES;
				CODE_SIGN_ENTITLEMENTS = Config/Widget.entitlements;
				CODE_SIGN_STYLE = Automatic;
				COMBINE_HIDPI_IMAGES = YES;
				ENABLE_APP_SANDBOX = YES;
				INFOPLIST_FILE = "Config/Widget-Info.plist";
				LD_RUNPATH_SEARCH_PATHS = (
					"$(inherited)",
					"@executable_path/../Frameworks",
					"@executable_path/../../../../Frameworks",
				);
				OTHER_LDFLAGS = (
					"$(inherited)",
					"-ObjC",
				);
				PRODUCT_BUNDLE_IDENTIFIER = app.calendarcountdown.CalendarCountdown.Widget;
				PRODUCT_NAME = CalendarCountdownWidget;
				SDKROOT = macosx;
				SKIP_INSTALL = YES;
			};
			name = Release;
		};
		672AA57F36084349FBE852E7 /* Release */ = {
			isa = XCBuildConfiguration;
			buildSettings = {
				ALWAYS_SEARCH_USER_PATHS = NO;
				CLANG_ANALYZER_NONNULL = YES;
				CLANG_ANALYZER_NUMBER_OBJECT_CONVERSION = YES_AGGRESSIVE;
				CLANG_CXX_LANGUAGE_STANDARD = "gnu++14";
				CLANG_CXX_LIBRARY = "libc++";
				CLANG_ENABLE_MODULES = YES;
				CLANG_ENABLE_OBJC_ARC = YES;
				CLANG_ENABLE_OBJC_WEAK = YES;
				CLANG_WARN_BLOCK_CAPTURE_AUTORELEASING = YES;
				CLANG_WARN_BOOL_CONVERSION = YES;
				CLANG_WARN_COMMA = YES;
				CLANG_WARN_CONSTANT_CONVERSION = YES;
				CLANG_WARN_DEPRECATED_OBJC_IMPLEMENTATIONS = YES;
				CLANG_WARN_DIRECT_OBJC_ISA_USAGE = YES_ERROR;
				CLANG_WARN_DOCUMENTATION_COMMENTS = YES;
				CLANG_WARN_EMPTY_BODY = YES;
				CLANG_WARN_ENUM_CONVERSION = YES;
				CLANG_WARN_INFINITE_RECURSION = YES;
				CLANG_WARN_INT_CONVERSION = YES;
				CLANG_WARN_NON_LITERAL_NULL_CONVERSION = YES;
				CLANG_WARN_OBJC_IMPLICIT_RETAIN_SELF = YES;
				CLANG_WARN_OBJC_LITERAL_CONVERSION = YES;
				CLANG_WARN_OBJC_ROOT_CLASS = YES_ERROR;
				CLANG_WARN_QUOTED_INCLUDE_IN_FRAMEWORK_HEADER = YES;
				CLANG_WARN_RANGE_LOOP_ANALYSIS = YES;
				CLANG_WARN_STRICT_PROTOTYPES = YES;
				CLANG_WARN_SUSPICIOUS_MOVE = YES;
				CLANG_WARN_UNGUARDED_AVAILABILITY = YES_AGGRESSIVE;
				CLANG_WARN_UNREACHABLE_CODE = YES;
				CLANG_WARN__DUPLICATE_METHOD_MATCH = YES;
				COPY_PHASE_STRIP = NO;
				DEBUG_INFORMATION_FORMAT = "dwarf-with-dsym";
				ENABLE_NS_ASSERTIONS = NO;
				ENABLE_STRICT_OBJC_MSGSEND = YES;
				GCC_C_LANGUAGE_STANDARD = gnu11;
				GCC_NO_COMMON_BLOCKS = YES;
				GCC_WARN_64_TO_32_BIT_CONVERSION = YES;
				GCC_WARN_ABOUT_RETURN_TYPE = YES_ERROR;
				GCC_WARN_UNDECLARED_SELECTOR = YES;
				GCC_WARN_UNINITIALIZED_AUTOS = YES_AGGRESSIVE;
				GCC_WARN_UNUSED_FUNCTION = YES;
				GCC_WARN_UNUSED_VARIABLE = YES;
				MACOSX_DEPLOYMENT_TARGET = 14.0;
				IPHONEOS_DEPLOYMENT_TARGET = 18.0;
				MTL_ENABLE_DEBUG_INFO = NO;
				MTL_FAST_MATH = YES;
				PRODUCT_NAME = "$(TARGET_NAME)";
				SDKROOT = macosx;
				SWIFT_COMPILATION_MODE = wholemodule;
				SWIFT_OPTIMIZATION_LEVEL = "-O";
				SWIFT_STRICT_CONCURRENCY = complete;
				SWIFT_VERSION = 6.0;
			};
			name = Release;
		};
		6CBAB5B2A95B1B57C03DE00C /* Debug */ = {
			isa = XCBuildConfiguration;
			buildSettings = {
				ALWAYS_SEARCH_USER_PATHS = NO;
				CLANG_ANALYZER_NONNULL = YES;
				CLANG_ANALYZER_NUMBER_OBJECT_CONVERSION = YES_AGGRESSIVE;
				CLANG_CXX_LANGUAGE_STANDARD = "gnu++14";
				CLANG_CXX_LIBRARY = "libc++";
				CLANG_ENABLE_MODULES = YES;
				CLANG_ENABLE_OBJC_ARC = YES;
				CLANG_ENABLE_OBJC_WEAK = YES;
				CLANG_WARN_BLOCK_CAPTURE_AUTORELEASING = YES;
				CLANG_WARN_BOOL_CONVERSION = YES;
				CLANG_WARN_COMMA = YES;
				CLANG_WARN_CONSTANT_CONVERSION = YES;
				CLANG_WARN_DEPRECATED_OBJC_IMPLEMENTATIONS = YES;
				CLANG_WARN_DIRECT_OBJC_ISA_USAGE = YES_ERROR;
				CLANG_WARN_DOCUMENTATION_COMMENTS = YES;
				CLANG_WARN_EMPTY_BODY = YES;
				CLANG_WARN_ENUM_CONVERSION = YES;
				CLANG_WARN_INFINITE_RECURSION = YES;
				CLANG_WARN_INT_CONVERSION = YES;
				CLANG_WARN_NON_LITERAL_NULL_CONVERSION = YES;
				CLANG_WARN_OBJC_IMPLICIT_RETAIN_SELF = YES;
				CLANG_WARN_OBJC_LITERAL_CONVERSION = YES;
				CLANG_WARN_OBJC_ROOT_CLASS = YES_ERROR;
				CLANG_WARN_QUOTED_INCLUDE_IN_FRAMEWORK_HEADER = YES;
				CLANG_WARN_RANGE_LOOP_ANALYSIS = YES;
				CLANG_WARN_STRICT_PROTOTYPES = YES;
				CLANG_WARN_SUSPICIOUS_MOVE = YES;
				CLANG_WARN_UNGUARDED_AVAILABILITY = YES_AGGRESSIVE;
				CLANG_WARN_UNREACHABLE_CODE = YES;
				CLANG_WARN__DUPLICATE_METHOD_MATCH = YES;
				COPY_PHASE_STRIP = NO;
				DEBUG_INFORMATION_FORMAT = dwarf;
				ENABLE_STRICT_OBJC_MSGSEND = YES;
				ENABLE_TESTABILITY = YES;
				GCC_C_LANGUAGE_STANDARD = gnu11;
				GCC_DYNAMIC_NO_PIC = NO;
				GCC_NO_COMMON_BLOCKS = YES;
				GCC_OPTIMIZATION_LEVEL = 0;
				GCC_PREPROCESSOR_DEFINITIONS = (
					"$(inherited)",
					"DEBUG=1",
				);
				GCC_WARN_64_TO_32_BIT_CONVERSION = YES;
				GCC_WARN_ABOUT_RETURN_TYPE = YES_ERROR;
				GCC_WARN_UNDECLARED_SELECTOR = YES;
				GCC_WARN_UNINITIALIZED_AUTOS = YES_AGGRESSIVE;
				GCC_WARN_UNUSED_FUNCTION = YES;
				GCC_WARN_UNUSED_VARIABLE = YES;
				MACOSX_DEPLOYMENT_TARGET = 14.0;
				IPHONEOS_DEPLOYMENT_TARGET = 18.0;
				MTL_ENABLE_DEBUG_INFO = INCLUDE_SOURCE;
				MTL_FAST_MATH = YES;
				ONLY_ACTIVE_ARCH = YES;
				PRODUCT_NAME = "$(TARGET_NAME)";
				SDKROOT = macosx;
				SWIFT_ACTIVE_COMPILATION_CONDITIONS = DEBUG;
				SWIFT_OPTIMIZATION_LEVEL = "-Onone";
				SWIFT_STRICT_CONCURRENCY = complete;
				SWIFT_VERSION = 6.0;
			};
			name = Debug;
		};
		7F87CCC8539027558FDC827A /* Debug */ = {
			isa = XCBuildConfiguration;
			buildSettings = {
				ASSETCATALOG_COMPILER_APPICON_NAME = AppIcon;
				ASSETCATALOG_COMPILER_GLOBAL_ACCENT_COLOR_NAME = AccentColor;
				CODE_SIGN_ENTITLEMENTS = Config/App.entitlements;
				CODE_SIGN_STYLE = Automatic;
				COMBINE_HIDPI_IMAGES = YES;
				ENABLE_APP_SANDBOX = NO;
				INFOPLIST_FILE = "Config/App-Info.plist";
				LD_RUNPATH_SEARCH_PATHS = (
					"$(inherited)",
					"@executable_path/../Frameworks",
				);
				OTHER_LDFLAGS = (
					"$(inherited)",
					"-ObjC",
				);
				PRODUCT_BUNDLE_IDENTIFIER = app.calendarcountdown.CalendarCountdown;
				PRODUCT_NAME = CalendarCountdown;
				SDKROOT = macosx;
			};
			name = Debug;
		};
		94EC00B593715353F688A090 /* Release */ = {
			isa = XCBuildConfiguration;
			buildSettings = {
				COMBINE_HIDPI_IMAGES = YES;
				GENERATE_INFOPLIST_FILE = YES;
				LD_RUNPATH_SEARCH_PATHS = (
					"$(inherited)",
					"@executable_path/../Frameworks",
				);
				PRODUCT_BUNDLE_IDENTIFIER = app.calendarcountdown.CalendarCountdown.Core;
				SDKROOT = macosx;
				SKIP_INSTALL = YES;
			};
			name = Release;
		};
		B0F5C53729CD41C947803B24 /* Release */ = {
			isa = XCBuildConfiguration;
			buildSettings = {
				BUNDLE_LOADER = "$(TEST_HOST)";
				COMBINE_HIDPI_IMAGES = YES;
				GENERATE_INFOPLIST_FILE = YES;
				LD_RUNPATH_SEARCH_PATHS = (
					"$(inherited)",
					"@executable_path/../Frameworks",
					"@loader_path/../Frameworks",
				);
				OTHER_LDFLAGS = (
					"$(inherited)",
					"-ObjC",
				);
				PRODUCT_BUNDLE_IDENTIFIER = app.calendarcountdown.CalendarCountdown.CoreTests;
				SDKROOT = macosx;
			};
			name = Release;
		};
		C664AF7CA887DDAC5EE9D8F2 /* Debug */ = {
			isa = XCBuildConfiguration;
			buildSettings = {
				COMBINE_HIDPI_IMAGES = YES;
				GENERATE_INFOPLIST_FILE = YES;
				LD_RUNPATH_SEARCH_PATHS = (
					"$(inherited)",
					"@executable_path/../Frameworks",
				);
				PRODUCT_BUNDLE_IDENTIFIER = app.calendarcountdown.CalendarCountdown.Core;
				SDKROOT = macosx;
				SKIP_INSTALL = YES;
			};
			name = Debug;
		};
		EAAC84D28B013456A9A080E2 /* Debug */ = {
			isa = XCBuildConfiguration;
			buildSettings = {
				CODE_SIGN_ENTITLEMENTS = Config/CLI.entitlements;
				CODE_SIGN_STYLE = Automatic;
				COMBINE_HIDPI_IMAGES = YES;
				CREATE_INFOPLIST_SECTION_IN_BINARY = YES;
				ENABLE_APP_SANDBOX = NO;
				INFOPLIST_FILE = "Config/CLI-Info.plist";
				LD_RUNPATH_SEARCH_PATHS = (
					"$(inherited)",
					"@executable_path/../Frameworks",
				);
				OTHER_LDFLAGS = (
					"$(inherited)",
					"-ObjC",
				);
				PRODUCT_BUNDLE_IDENTIFIER = app.calendarcountdown.CalendarCountdown.CLI;
				PRODUCT_NAME = calcount;
				SDKROOT = macosx;
			};
			name = Debug;
		};
/* End XCBuildConfiguration section */

/* Begin XCConfigurationList section */
		26BFCB18413D59EFCE428527 /* Build configuration list for PBXNativeTarget "calcount" */ = {
			isa = XCConfigurationList;
			buildConfigurations = (
				EAAC84D28B013456A9A080E2 /* Debug */,
				59B14A1446A5C2FFFB8BACCD /* Release */,
			);
			defaultConfigurationIsVisible = 0;
			defaultConfigurationName = Debug;
		};
		3E6F5AA81FE5931BEA932791 /* Build configuration list for PBXNativeTarget "CalendarCountdownWidget" */ = {
			isa = XCConfigurationList;
			buildConfigurations = (
				1A11E98BE62AA93AA123B24C /* Debug */,
				63F44A5E396EAFE8564CC6E5 /* Release */,
			);
			defaultConfigurationIsVisible = 0;
			defaultConfigurationName = Debug;
		};
		68DF178F24CE223FB0EA3736 /* Build configuration list for PBXNativeTarget "CalendarCountdownCoreTests" */ = {
			isa = XCConfigurationList;
			buildConfigurations = (
				2F337373151374DE8C18C99A /* Debug */,
				B0F5C53729CD41C947803B24 /* Release */,
			);
			defaultConfigurationIsVisible = 0;
			defaultConfigurationName = Debug;
		};
		6D34F88BD7EFFF0BE03098E4 /* Build configuration list for PBXNativeTarget "CalendarCountdownCore" */ = {
			isa = XCConfigurationList;
			buildConfigurations = (
				C664AF7CA887DDAC5EE9D8F2 /* Debug */,
				94EC00B593715353F688A090 /* Release */,
			);
			defaultConfigurationIsVisible = 0;
			defaultConfigurationName = Debug;
		};
		A377E422673207940065E921 /* Build configuration list for PBXNativeTarget "CalendarCountdown" */ = {
			isa = XCConfigurationList;
			buildConfigurations = (
				7F87CCC8539027558FDC827A /* Debug */,
				0A16C1B68F43CE2BDEE92B31 /* Release */,
			);
			defaultConfigurationIsVisible = 0;
			defaultConfigurationName = Debug;
		};
		E4CFBCC3779405B48A9C4B49 /* Build configuration list for PBXProject "CalendarCountdown" */ = {
			isa = XCConfigurationList;
			buildConfigurations = (
				6CBAB5B2A95B1B57C03DE00C /* Debug */,
				672AA57F36084349FBE852E7 /* Release */,
			);
			defaultConfigurationIsVisible = 0;
			defaultConfigurationName = Debug;
		};
		E550B4D4C0B5C75C11F8AB6A /* Build configuration list for PBXNativeTarget "CalendarCountdownCalendar" */ = {
			isa = XCConfigurationList;
			buildConfigurations = (
				37CEB1DA05952711F5207894 /* Debug */,
				2D9DE6881BFDB449FA837126 /* Release */,
			);
			defaultConfigurationIsVisible = 0;
			defaultConfigurationName = Debug;
		};
		06EF573834C5F4BA3EEFF837 /* Debug */ = {
			isa = XCBuildConfiguration;
			buildSettings = {

				GENERATE_INFOPLIST_FILE = YES;
				PRODUCT_BUNDLE_IDENTIFIER = app.calendarcountdown.CalendarCountdown.Persistence;
				PRODUCT_MODULE_NAME = CalendarCountdownPersistence;
				SDKROOT = macosx;
				SKIP_INSTALL = YES;
				OTHER_LDFLAGS = (
					"$(inherited)",
					"-lsqlite3",
				);

			};
			name = Debug;
		};
		0280F823B1A4F3CDB1FAA7AB /* Release */ = {
			isa = XCBuildConfiguration;
			buildSettings = {

				GENERATE_INFOPLIST_FILE = YES;
				PRODUCT_BUNDLE_IDENTIFIER = app.calendarcountdown.CalendarCountdown.Persistence;
				PRODUCT_MODULE_NAME = CalendarCountdownPersistence;
				SDKROOT = macosx;
				SKIP_INSTALL = YES;
				OTHER_LDFLAGS = (
					"$(inherited)",
					"-lsqlite3",
				);

			};
			name = Release;
		};
		DF15926537AEB550AF4885CB /* Build configuration list for PBXNativeTarget "CalendarCountdownPersistence" */ = {
			isa = XCConfigurationList;
			buildConfigurations = (
				06EF573834C5F4BA3EEFF837 /* Debug */,
				0280F823B1A4F3CDB1FAA7AB /* Release */,
			);
			defaultConfigurationIsVisible = 0;
			defaultConfigurationName = Debug;
		};
		EAF19FBD6DACBDB696274D21 /* Debug */ = {
			isa = XCBuildConfiguration;
			buildSettings = {

				GENERATE_INFOPLIST_FILE = YES;
				PRODUCT_BUNDLE_IDENTIFIER = app.calendarcountdown.CalendarCountdown.PersistenceTests;
				SDKROOT = macosx;

			};
			name = Debug;
		};
		AD0E04F5E766AC84350E175A /* Release */ = {
			isa = XCBuildConfiguration;
			buildSettings = {

				GENERATE_INFOPLIST_FILE = YES;
				PRODUCT_BUNDLE_IDENTIFIER = app.calendarcountdown.CalendarCountdown.PersistenceTests;
				SDKROOT = macosx;

			};
			name = Release;
		};
		4B4623B8962A37CBAE19539B /* Build configuration list for PBXNativeTarget "CalendarCountdownPersistenceTests" */ = {
			isa = XCConfigurationList;
			buildConfigurations = (
				EAF19FBD6DACBDB696274D21 /* Debug */,
				AD0E04F5E766AC84350E175A /* Release */,
			);
			defaultConfigurationIsVisible = 0;
			defaultConfigurationName = Debug;
		};
		0235F8600CB823866CB9736D /* Debug */ = {
			isa = XCBuildConfiguration;
			buildSettings = {

				ASSETCATALOG_COMPILER_APPICON_NAME = AppIcon;
				ASSETCATALOG_COMPILER_GLOBAL_ACCENT_COLOR_NAME = AccentColor;
				CODE_SIGN_ENTITLEMENTS = Config/iOS-App.entitlements;
				CODE_SIGN_STYLE = Automatic;
				INFOPLIST_FILE = "Config/iOS-App-Info.plist";
				IPHONEOS_DEPLOYMENT_TARGET = 18.0;
				LD_RUNPATH_SEARCH_PATHS = (
					"$(inherited)",
					"@executable_path/Frameworks",
				);
				OTHER_LDFLAGS = (
					"$(inherited)",
					"-lsqlite3",
				);
				PRODUCT_BUNDLE_IDENTIFIER = app.calendarcountdown.CalendarCountdown.ios;
				PRODUCT_MODULE_NAME = CalendarCountdown;
				PRODUCT_NAME = CalendarCountdown;
				SDKROOT = iphoneos;
				SUPPORTS_MACCATALYST = NO;
				TARGETED_DEVICE_FAMILY = "1,2";

			};
			name = Debug;
		};
		5FD3F3FB0A1C3D193A1B1259 /* Release */ = {
			isa = XCBuildConfiguration;
			buildSettings = {

				ASSETCATALOG_COMPILER_APPICON_NAME = AppIcon;
				ASSETCATALOG_COMPILER_GLOBAL_ACCENT_COLOR_NAME = AccentColor;
				CODE_SIGN_ENTITLEMENTS = Config/iOS-App.entitlements;
				CODE_SIGN_STYLE = Automatic;
				INFOPLIST_FILE = "Config/iOS-App-Info.plist";
				IPHONEOS_DEPLOYMENT_TARGET = 18.0;
				LD_RUNPATH_SEARCH_PATHS = (
					"$(inherited)",
					"@executable_path/Frameworks",
				);
				OTHER_LDFLAGS = (
					"$(inherited)",
					"-lsqlite3",
				);
				PRODUCT_BUNDLE_IDENTIFIER = app.calendarcountdown.CalendarCountdown.ios;
				PRODUCT_MODULE_NAME = CalendarCountdown;
				PRODUCT_NAME = CalendarCountdown;
				SDKROOT = iphoneos;
				SUPPORTS_MACCATALYST = NO;
				TARGETED_DEVICE_FAMILY = "1,2";

			};
			name = Release;
		};
		4D717CA5874C0DB6CD33EB49 /* Build configuration list for PBXNativeTarget "CalendarCountdowniOS" */ = {
			isa = XCConfigurationList;
			buildConfigurations = (
				0235F8600CB823866CB9736D /* Debug */,
				5FD3F3FB0A1C3D193A1B1259 /* Release */,
			);
			defaultConfigurationIsVisible = 0;
			defaultConfigurationName = Debug;
		};
		919D606AD30AB50916E4DAD6 /* Debug */ = {
			isa = XCBuildConfiguration;
			buildSettings = {

				APPLICATION_EXTENSION_API_ONLY = YES;
				CODE_SIGN_ENTITLEMENTS = Config/iOS-Widget.entitlements;
				CODE_SIGN_STYLE = Automatic;
				INFOPLIST_FILE = "Config/iOS-Widget-Info.plist";
				IPHONEOS_DEPLOYMENT_TARGET = 18.0;
				PRODUCT_BUNDLE_IDENTIFIER = app.calendarcountdown.CalendarCountdown.ios.Widget;
				PRODUCT_MODULE_NAME = CalendarCountdowniOSWidget;
				PRODUCT_NAME = CalendarCountdowniOSWidget;
				SDKROOT = iphoneos;
				SKIP_INSTALL = YES;
				SUPPORTS_MACCATALYST = NO;
				TARGETED_DEVICE_FAMILY = "1,2";

			};
			name = Debug;
		};
		857E7538B50D0DCF8AE820B8 /* Release */ = {
			isa = XCBuildConfiguration;
			buildSettings = {

				APPLICATION_EXTENSION_API_ONLY = YES;
				CODE_SIGN_ENTITLEMENTS = Config/iOS-Widget.entitlements;
				CODE_SIGN_STYLE = Automatic;
				INFOPLIST_FILE = "Config/iOS-Widget-Info.plist";
				IPHONEOS_DEPLOYMENT_TARGET = 18.0;
				PRODUCT_BUNDLE_IDENTIFIER = app.calendarcountdown.CalendarCountdown.ios.Widget;
				PRODUCT_MODULE_NAME = CalendarCountdowniOSWidget;
				PRODUCT_NAME = CalendarCountdowniOSWidget;
				SDKROOT = iphoneos;
				SKIP_INSTALL = YES;
				SUPPORTS_MACCATALYST = NO;
				TARGETED_DEVICE_FAMILY = "1,2";

			};
			name = Release;
		};
		711CD47104FFF7B370A1A487 /* Build configuration list for PBXNativeTarget "CalendarCountdowniOSWidget" */ = {
			isa = XCConfigurationList;
			buildConfigurations = (
				919D606AD30AB50916E4DAD6 /* Debug */,
				857E7538B50D0DCF8AE820B8 /* Release */,
			);
			defaultConfigurationIsVisible = 0;
			defaultConfigurationName = Debug;
		};
		9DD09467A60AE381A7E96F3A /* Debug */ = {
			isa = XCBuildConfiguration;
			buildSettings = {

				BUNDLE_LOADER = "$(TEST_HOST)";
				GENERATE_INFOPLIST_FILE = YES;
				IPHONEOS_DEPLOYMENT_TARGET = 18.0;
				PRODUCT_BUNDLE_IDENTIFIER = app.calendarcountdown.CalendarCountdown.ios.Tests;
				SDKROOT = iphoneos;
				TARGETED_DEVICE_FAMILY = "1,2";
				TEST_HOST = "$(BUILT_PRODUCTS_DIR)/CalendarCountdown.app/CalendarCountdown";

			};
			name = Debug;
		};
		A1C8242F8FDDC71B42462DBB /* Release */ = {
			isa = XCBuildConfiguration;
			buildSettings = {

				BUNDLE_LOADER = "$(TEST_HOST)";
				GENERATE_INFOPLIST_FILE = YES;
				IPHONEOS_DEPLOYMENT_TARGET = 18.0;
				PRODUCT_BUNDLE_IDENTIFIER = app.calendarcountdown.CalendarCountdown.ios.Tests;
				SDKROOT = iphoneos;
				TARGETED_DEVICE_FAMILY = "1,2";
				TEST_HOST = "$(BUILT_PRODUCTS_DIR)/CalendarCountdown.app/CalendarCountdown";

			};
			name = Release;
		};
		D0FF76928BCC5A138E1C16D5 /* Build configuration list for PBXNativeTarget "CalendarCountdowniOSTests" */ = {
			isa = XCConfigurationList;
			buildConfigurations = (
				9DD09467A60AE381A7E96F3A /* Debug */,
				A1C8242F8FDDC71B42462DBB /* Release */,
			);
			defaultConfigurationIsVisible = 0;
			defaultConfigurationName = Debug;
		};
		915F0D99079569C6C32C0529 /* Debug */ = {
			isa = XCBuildConfiguration;
			buildSettings = {

				GENERATE_INFOPLIST_FILE = YES;
				IPHONEOS_DEPLOYMENT_TARGET = 18.0;
				PRODUCT_BUNDLE_IDENTIFIER = app.calendarcountdown.CalendarCountdown.ios.UITests;
				SDKROOT = iphoneos;
				TARGETED_DEVICE_FAMILY = "1,2";
				TEST_TARGET_NAME = CalendarCountdowniOS;

			};
			name = Debug;
		};
		D666974CDEAEBBAF5B755982 /* Release */ = {
			isa = XCBuildConfiguration;
			buildSettings = {

				GENERATE_INFOPLIST_FILE = YES;
				IPHONEOS_DEPLOYMENT_TARGET = 18.0;
				PRODUCT_BUNDLE_IDENTIFIER = app.calendarcountdown.CalendarCountdown.ios.UITests;
				SDKROOT = iphoneos;
				TARGETED_DEVICE_FAMILY = "1,2";
				TEST_TARGET_NAME = CalendarCountdowniOS;

			};
			name = Release;
		};
		26A929D0E369B0CAFD60128F /* Build configuration list for PBXNativeTarget "CalendarCountdowniOSUITests" */ = {
			isa = XCConfigurationList;
			buildConfigurations = (
				915F0D99079569C6C32C0529 /* Debug */,
				D666974CDEAEBBAF5B755982 /* Release */,
			);
			defaultConfigurationIsVisible = 0;
			defaultConfigurationName = Debug;
		};
/* End XCConfigurationList section */
	};
	rootObject = 6EC488ABDD974036BC95F55D /* Project object */;
}
